PODS:
  - Alamofire (4.8.0)
  - JWTDecode (2.1.1)
  - Mockingjay (2.0.1):
    - Mockingjay/Core (= 2.0.1)
    - Mockingjay/XCTest (= 2.0.1)
  - Mockingjay/Core (2.0.1):
    - URITemplate (~> 2.0)
  - Mockingjay/XCTest (2.0.1):
    - Mockingjay/Core
  - SwiftLint (0.29.1)
  - SwiftyJSON (4.2.0)
  - SwiftyRSA (1.5.0):
    - SwiftyRSA/ObjC (= 1.5.0)
  - SwiftyRSA/ObjC (1.5.0)
  - URITemplate (2.0.3)

DEPENDENCIES:
  - Alamofire
  - JWTDecode
  - Mockingjay
  - SwiftLint
  - SwiftyJSON
  - SwiftyRSA

SPEC REPOS:
  https://github.com/cocoapods/specs.git:
    - Alamofire
    - JWTDecode
    - Mockingjay
    - SwiftLint
    - SwiftyJSON
    - SwiftyRSA
    - URITemplate

SPEC CHECKSUMS:
  Alamofire: 3ec537f71edc9804815215393ae2b1a8ea33a844
  JWTDecode: 83e8b381aafe27158d9f692cbdca2b12d61d460c
  Mockingjay: 11a621880d2887f1775bdcf824341eb68f218450
  SwiftLint: 6772320e40b52049053a518c17db9b0634a0b45a
  SwiftyJSON: c4bcba26dd9ec7a027fc8eade48e2c911f229e96
  SwiftyRSA: 6e528fb1b1a87d5111c48081083b141d6d65f1cf
  URITemplate: ace0c4c46dcf8afe6e89b4060621852886b15c3b

PODFILE CHECKSUM: db96445470e42a45d2ac283299288067f8b58084

COCOAPODS: 1.6.0.beta.2
