// !$*UTF8*$!
{
	archiveVersion = 1;
	classes = {
	};
	objectVersion = 46;
	objects = {

/* Begin PBXBuildFile section */
		379C91CDBA516AF1B61C086D /* Pods_HATTests.framework in Frameworks */ = {isa = PBXBuildFile; fileRef = 276A84838AF114846AA6C978 /* Pods_HATTests.framework */; };
		6020A7031E526BBF00D7DC04 /* LocationServiceTests.swift in Sources */ = {isa = PBXBuildFile; fileRef = 6020A7021E526BBF00D7DC04 /* LocationServiceTests.swift */; };
		6020A7061E52749700D7DC04 /* HATServiceTests.swift in Sources */ = {isa = PBXBuildFile; fileRef = 6020A7051E52749700D7DC04 /* HATServiceTests.swift */; };
		6020A7081E52803800D7DC04 /* HATAccountServiceTests.swift in Sources */ = {isa = PBXBuildFile; fileRef = 6020A7071E52803800D7DC04 /* HATAccountServiceTests.swift */; };
		602D16371E82AC8C00C53A5E /* HATConstants.swift in Sources */ = {isa = PBXBuildFile; fileRef = 602D16361E82AC8C00C53A5E /* HATConstants.swift */; };
		602D16401E82ACA900C53A5E /* HATAccountService.swift in Sources */ = {isa = PBXBuildFile; fileRef = 602D16381E82ACA900C53A5E /* HATAccountService.swift */; };
		602D16411E82ACA900C53A5E /* HATDataPlugsService.swift in Sources */ = {isa = PBXBuildFile; fileRef = 602D16391E82ACA900C53A5E /* HATDataPlugsService.swift */; };
		602D16421E82ACA900C53A5E /* HATFacebookService.swift in Sources */ = {isa = PBXBuildFile; fileRef = 602D163A1E82ACA900C53A5E /* HATFacebookService.swift */; };
		602D16431E82ACA900C53A5E /* HATLocationService.swift in Sources */ = {isa = PBXBuildFile; fileRef = 602D163B1E82ACA900C53A5E /* HATLocationService.swift */; };
		602D16441E82ACA900C53A5E /* HATLoginService.swift in Sources */ = {isa = PBXBuildFile; fileRef = 602D163C1E82ACA900C53A5E /* HATLoginService.swift */; };
		602D16451E82ACA900C53A5E /* HATNotableService.swift in Sources */ = {isa = PBXBuildFile; fileRef = 602D163D1E82ACA900C53A5E /* HATNotableService.swift */; };
		602D16461E82ACA900C53A5E /* HATService.swift in Sources */ = {isa = PBXBuildFile; fileRef = 602D163E1E82ACA900C53A5E /* HATService.swift */; };
		602D16471E82ACA900C53A5E /* HATTwitterService.swift in Sources */ = {isa = PBXBuildFile; fileRef = 602D163F1E82ACA900C53A5E /* HATTwitterService.swift */; };
		602D164B1E82ACC300C53A5E /* HATErrorHelper.swift in Sources */ = {isa = PBXBuildFile; fileRef = 602D16491E82ACC300C53A5E /* HATErrorHelper.swift */; };
		602D164E1E82ACEE00C53A5E /* ΗΑΤNetworkHelper.swift in Sources */ = {isa = PBXBuildFile; fileRef = 602D164C1E82ACEE00C53A5E /* ΗΑΤNetworkHelper.swift */; };
		602D164F1E82ACEE00C53A5E /* HATFormatterHelper.swift in Sources */ = {isa = PBXBuildFile; fileRef = 602D164D1E82ACEE00C53A5E /* HATFormatterHelper.swift */; };
		602D16511E82AD3E00C53A5E /* HATSocialFeedObject.swift in Sources */ = {isa = PBXBuildFile; fileRef = 602D16501E82AD3E00C53A5E /* HATSocialFeedObject.swift */; };
		602D16571E82AD5800C53A5E /* HATDataPlugDataDefinitionObject.swift in Sources */ = {isa = PBXBuildFile; fileRef = 602D16521E82AD5800C53A5E /* HATDataPlugDataDefinitionObject.swift */; };
		602D16581E82AD5800C53A5E /* HATDataPlugDataSetObject.swift in Sources */ = {isa = PBXBuildFile; fileRef = 602D16531E82AD5800C53A5E /* HATDataPlugDataSetObject.swift */; };
		602D16591E82AD5800C53A5E /* HATDataPlugObject.swift in Sources */ = {isa = PBXBuildFile; fileRef = 602D16541E82AD5800C53A5E /* HATDataPlugObject.swift */; };
		602D165A1E82AD5800C53A5E /* HATDataPlugOwnerObject.swift in Sources */ = {isa = PBXBuildFile; fileRef = 602D16551E82AD5800C53A5E /* HATDataPlugOwnerObject.swift */; };
		602D165B1E82AD5800C53A5E /* HATDataPlugRatingObject.swift in Sources */ = {isa = PBXBuildFile; fileRef = 602D16561E82AD5800C53A5E /* HATDataPlugRatingObject.swift */; };
		602D16621E82AD6C00C53A5E /* HATFacebookDataPostsApplicationSocialFeedObject.swift in Sources */ = {isa = PBXBuildFile; fileRef = 602D165C1E82AD6C00C53A5E /* HATFacebookDataPostsApplicationSocialFeedObject.swift */; };
		602D16631E82AD6C00C53A5E /* HATFacebookDataPostsFromSocialFeedObject.swift in Sources */ = {isa = PBXBuildFile; fileRef = 602D165D1E82AD6C00C53A5E /* HATFacebookDataPostsFromSocialFeedObject.swift */; };
		602D16641E82AD6C00C53A5E /* HATFacebookDataPostsPrivacySocialFeedObject.swift in Sources */ = {isa = PBXBuildFile; fileRef = 602D165E1E82AD6C00C53A5E /* HATFacebookDataPostsPrivacySocialFeedObject.swift */; };
		602D16651E82AD6C00C53A5E /* HATFacebookDataPostsSocialFeedObject.swift in Sources */ = {isa = PBXBuildFile; fileRef = 602D165F1E82AD6C00C53A5E /* HATFacebookDataPostsSocialFeedObject.swift */; };
		602D16661E82AD6C00C53A5E /* HATFacebookDataSocialFeedObject.swift in Sources */ = {isa = PBXBuildFile; fileRef = 602D16601E82AD6C00C53A5E /* HATFacebookDataSocialFeedObject.swift */; };
		602D16671E82AD6C00C53A5E /* HATFacebookSocialFeedObject.swift in Sources */ = {isa = PBXBuildFile; fileRef = 602D16611E82AD6C00C53A5E /* HATFacebookSocialFeedObject.swift */; };
		602D166C1E82AD7D00C53A5E /* HATProviderCategoryObject.swift in Sources */ = {isa = PBXBuildFile; fileRef = 602D16681E82AD7D00C53A5E /* HATProviderCategoryObject.swift */; };
		602D166D1E82AD7D00C53A5E /* HATProviderKindObject.swift in Sources */ = {isa = PBXBuildFile; fileRef = 602D16691E82AD7D00C53A5E /* HATProviderKindObject.swift */; };
		602D166E1E82AD7D00C53A5E /* HATProviderObject.swift in Sources */ = {isa = PBXBuildFile; fileRef = 602D166A1E82AD7D00C53A5E /* HATProviderObject.swift */; };
		602D166F1E82AD7D00C53A5E /* HATProviderPaymentObject.swift in Sources */ = {isa = PBXBuildFile; fileRef = 602D166B1E82AD7D00C53A5E /* HATProviderPaymentObject.swift */; };
		602D16731E82AD8E00C53A5E /* HATLocationsDataLocationsObject.swift in Sources */ = {isa = PBXBuildFile; fileRef = 602D16701E82AD8E00C53A5E /* HATLocationsDataLocationsObject.swift */; };
		602D16741E82AD8E00C53A5E /* HATLocationsDataObject.swift in Sources */ = {isa = PBXBuildFile; fileRef = 602D16711E82AD8E00C53A5E /* HATLocationsDataObject.swift */; };
		602D16751E82AD8E00C53A5E /* HATLocationsObject.swift in Sources */ = {isa = PBXBuildFile; fileRef = 602D16721E82AD8E00C53A5E /* HATLocationsObject.swift */; };
		602D16781E82AD9900C53A5E /* HATSystemStatusKindObject.swift in Sources */ = {isa = PBXBuildFile; fileRef = 602D16761E82AD9900C53A5E /* HATSystemStatusKindObject.swift */; };
		602D16791E82AD9900C53A5E /* HATSystemStatusObject.swift in Sources */ = {isa = PBXBuildFile; fileRef = 602D16771E82AD9900C53A5E /* HATSystemStatusObject.swift */; };
		602D167E1E82ADA400C53A5E /* HATTwitterDataSocialFeedObject.swift in Sources */ = {isa = PBXBuildFile; fileRef = 602D167A1E82ADA400C53A5E /* HATTwitterDataSocialFeedObject.swift */; };
		602D167F1E82ADA400C53A5E /* HATTwitterDataTweetsSocialFeedObject.swift in Sources */ = {isa = PBXBuildFile; fileRef = 602D167B1E82ADA400C53A5E /* HATTwitterDataTweetsSocialFeedObject.swift */; };
		602D16801E82ADA400C53A5E /* HATTwitterDataTweetsUsersSocialFeedObject.swift in Sources */ = {isa = PBXBuildFile; fileRef = 602D167C1E82ADA400C53A5E /* HATTwitterDataTweetsUsersSocialFeedObject.swift */; };
		602D16811E82ADA400C53A5E /* HATTwitterSocialFeedObject.swift in Sources */ = {isa = PBXBuildFile; fileRef = 602D167D1E82ADA400C53A5E /* HATTwitterSocialFeedObject.swift */; };
		602D16871E82AE0100C53A5E /* HATNotesAuthorData.swift in Sources */ = {isa = PBXBuildFile; fileRef = 602D16821E82AE0100C53A5E /* HATNotesAuthorData.swift */; };
		602D16881E82AE0100C53A5E /* HATNotesData.swift in Sources */ = {isa = PBXBuildFile; fileRef = 602D16831E82AE0100C53A5E /* HATNotesData.swift */; };
		602D16891E82AE0100C53A5E /* HATNotesLocationData.swift in Sources */ = {isa = PBXBuildFile; fileRef = 602D16841E82AE0100C53A5E /* HATNotesLocationData.swift */; };
		602D168A1E82AE0100C53A5E /* HATNotesNotablesData.swift in Sources */ = {isa = PBXBuildFile; fileRef = 602D16851E82AE0100C53A5E /* HATNotesNotablesData.swift */; };
		602D168B1E82AE0100C53A5E /* HATNotesPhotoData.swift in Sources */ = {isa = PBXBuildFile; fileRef = 602D16861E82AE0100C53A5E /* HATNotesPhotoData.swift */; };
		60444EE71E4B27C5005E4433 /* HAT.framework in Frameworks */ = {isa = PBXBuildFile; fileRef = 60444EDD1E4B27C4005E4433 /* HAT.framework */; };
		60444EEC1E4B27C5005E4433 /* LoginServiceTests.swift in Sources */ = {isa = PBXBuildFile; fileRef = 60444EEB1E4B27C5005E4433 /* LoginServiceTests.swift */; };
		60444EEE1E4B27C5005E4433 /* HAT.h in Headers */ = {isa = PBXBuildFile; fileRef = 60444EE01E4B27C4005E4433 /* HAT.h */; settings = {ATTRIBUTES = (Public, ); }; };
		606375A71E534C2400F0D1B1 /* Structures.swift in Sources */ = {isa = PBXBuildFile; fileRef = 606375A61E534C2400F0D1B1 /* Structures.swift */; };
		606375A91E53613D00F0D1B1 /* FacebookServiceTests.swift in Sources */ = {isa = PBXBuildFile; fileRef = 606375A81E53613D00F0D1B1 /* FacebookServiceTests.swift */; };
		606375AB1E536B1500F0D1B1 /* TwitterServiceTests.swift in Sources */ = {isa = PBXBuildFile; fileRef = 606375AA1E536B1500F0D1B1 /* TwitterServiceTests.swift */; };
		606375AD1E536DA300F0D1B1 /* NotableServiceTests.swift in Sources */ = {isa = PBXBuildFile; fileRef = 606375AC1E536DA200F0D1B1 /* NotableServiceTests.swift */; };
		606375AF1E537C7300F0D1B1 /* FormatterHelperTests.swift in Sources */ = {isa = PBXBuildFile; fileRef = 606375AE1E537C7300F0D1B1 /* FormatterHelperTests.swift */; };
		606BBA3B1E546DF000ECBA6B /* DataPlugsServiceTests.swift in Sources */ = {isa = PBXBuildFile; fileRef = 606BBA3A1E546DF000ECBA6B /* DataPlugsServiceTests.swift */; };
		DAE77631B5EE973DB860751E /* Pods_HAT.framework in Frameworks */ = {isa = PBXBuildFile; fileRef = F5E8BDF19F0511F88B218311 /* Pods_HAT.framework */; };
/* End PBXBuildFile section */

/* Begin PBXContainerItemProxy section */
		60444EE81E4B27C5005E4433 /* PBXContainerItemProxy */ = {
			isa = PBXContainerItemProxy;
			containerPortal = 60444ED41E4B27C4005E4433 /* Project object */;
			proxyType = 1;
			remoteGlobalIDString = 60444EDC1E4B27C4005E4433;
			remoteInfo = HAT;
		};
/* End PBXContainerItemProxy section */

/* Begin PBXFileReference section */
		0F217E04F6A43CBD1160A765 /* Pods-HAT.release.xcconfig */ = {isa = PBXFileReference; includeInIndex = 1; lastKnownFileType = text.xcconfig; name = "Pods-HAT.release.xcconfig"; path = "Pods/Target Support Files/Pods-HAT/Pods-HAT.release.xcconfig"; sourceTree = "<group>"; };
		276A84838AF114846AA6C978 /* Pods_HATTests.framework */ = {isa = PBXFileReference; explicitFileType = wrapper.framework; includeInIndex = 0; path = Pods_HATTests.framework; sourceTree = BUILT_PRODUCTS_DIR; };
		2E35995A09FA50E6E5A67F12 /* Pods-HATTests.release.xcconfig */ = {isa = PBXFileReference; includeInIndex = 1; lastKnownFileType = text.xcconfig; name = "Pods-HATTests.release.xcconfig"; path = "Pods/Target Support Files/Pods-HATTests/Pods-HATTests.release.xcconfig"; sourceTree = "<group>"; };
		2E6B981390ACA28160998321 /* Pods-HATTests.debug.xcconfig */ = {isa = PBXFileReference; includeInIndex = 1; lastKnownFileType = text.xcconfig; name = "Pods-HATTests.debug.xcconfig"; path = "Pods/Target Support Files/Pods-HATTests/Pods-HATTests.debug.xcconfig"; sourceTree = "<group>"; };
		6020A7021E526BBF00D7DC04 /* LocationServiceTests.swift */ = {isa = PBXFileReference; fileEncoding = 4; lastKnownFileType = sourcecode.swift; path = LocationServiceTests.swift; sourceTree = "<group>"; };
		6020A7051E52749700D7DC04 /* HATServiceTests.swift */ = {isa = PBXFileReference; fileEncoding = 4; lastKnownFileType = sourcecode.swift; path = HATServiceTests.swift; sourceTree = "<group>"; };
		6020A7071E52803800D7DC04 /* HATAccountServiceTests.swift */ = {isa = PBXFileReference; fileEncoding = 4; lastKnownFileType = sourcecode.swift; path = HATAccountServiceTests.swift; sourceTree = "<group>"; };
		602D16361E82AC8C00C53A5E /* HATConstants.swift */ = {isa = PBXFileReference; fileEncoding = 4; lastKnownFileType = sourcecode.swift; name = HATConstants.swift; path = HAT/HATConstants.swift; sourceTree = "<group>"; };
		602D16381E82ACA900C53A5E /* HATAccountService.swift */ = {isa = PBXFileReference; fileEncoding = 4; lastKnownFileType = sourcecode.swift; name = HATAccountService.swift; path = HAT/Services/HATAccountService.swift; sourceTree = "<group>"; };
		602D16391E82ACA900C53A5E /* HATDataPlugsService.swift */ = {isa = PBXFileReference; fileEncoding = 4; lastKnownFileType = sourcecode.swift; name = HATDataPlugsService.swift; path = HAT/Services/HATDataPlugsService.swift; sourceTree = "<group>"; };
		602D163A1E82ACA900C53A5E /* HATFacebookService.swift */ = {isa = PBXFileReference; fileEncoding = 4; lastKnownFileType = sourcecode.swift; name = HATFacebookService.swift; path = HAT/Services/HATFacebookService.swift; sourceTree = "<group>"; };
		602D163B1E82ACA900C53A5E /* HATLocationService.swift */ = {isa = PBXFileReference; fileEncoding = 4; lastKnownFileType = sourcecode.swift; name = HATLocationService.swift; path = HAT/Services/HATLocationService.swift; sourceTree = "<group>"; };
		602D163C1E82ACA900C53A5E /* HATLoginService.swift */ = {isa = PBXFileReference; fileEncoding = 4; lastKnownFileType = sourcecode.swift; name = HATLoginService.swift; path = HAT/Services/HATLoginService.swift; sourceTree = "<group>"; };
		602D163D1E82ACA900C53A5E /* HATNotableService.swift */ = {isa = PBXFileReference; fileEncoding = 4; lastKnownFileType = sourcecode.swift; name = HATNotableService.swift; path = HAT/Services/HATNotableService.swift; sourceTree = "<group>"; };
		602D163E1E82ACA900C53A5E /* HATService.swift */ = {isa = PBXFileReference; fileEncoding = 4; lastKnownFileType = sourcecode.swift; name = HATService.swift; path = HAT/Services/HATService.swift; sourceTree = "<group>"; };
		602D163F1E82ACA900C53A5E /* HATTwitterService.swift */ = {isa = PBXFileReference; fileEncoding = 4; lastKnownFileType = sourcecode.swift; name = HATTwitterService.swift; path = HAT/Services/HATTwitterService.swift; sourceTree = "<group>"; };
		602D16491E82ACC300C53A5E /* HATErrorHelper.swift */ = {isa = PBXFileReference; fileEncoding = 4; lastKnownFileType = sourcecode.swift; name = HATErrorHelper.swift; path = HAT/HATErrorHelper.swift; sourceTree = "<group>"; };
		602D164C1E82ACEE00C53A5E /* ΗΑΤNetworkHelper.swift */ = {isa = PBXFileReference; fileEncoding = 4; lastKnownFileType = sourcecode.swift; name = "ΗΑΤNetworkHelper.swift"; path = "HAT/Helpers/ΗΑΤNetworkHelper.swift"; sourceTree = "<group>"; };
		602D164D1E82ACEE00C53A5E /* HATFormatterHelper.swift */ = {isa = PBXFileReference; fileEncoding = 4; lastKnownFileType = sourcecode.swift; name = HATFormatterHelper.swift; path = HAT/Helpers/HATFormatterHelper.swift; sourceTree = "<group>"; };
		602D16501E82AD3E00C53A5E /* HATSocialFeedObject.swift */ = {isa = PBXFileReference; fileEncoding = 4; lastKnownFileType = sourcecode.swift; name = HATSocialFeedObject.swift; path = HAT/Objects/HATSocialFeedObject.swift; sourceTree = "<group>"; };
		602D16521E82AD5800C53A5E /* HATDataPlugDataDefinitionObject.swift */ = {isa = PBXFileReference; fileEncoding = 4; lastKnownFileType = sourcecode.swift; name = HATDataPlugDataDefinitionObject.swift; path = HAT/Objects/HATDataPlugDataDefinitionObject.swift; sourceTree = "<group>"; };
		602D16531E82AD5800C53A5E /* HATDataPlugDataSetObject.swift */ = {isa = PBXFileReference; fileEncoding = 4; lastKnownFileType = sourcecode.swift; name = HATDataPlugDataSetObject.swift; path = HAT/Objects/HATDataPlugDataSetObject.swift; sourceTree = "<group>"; };
		602D16541E82AD5800C53A5E /* HATDataPlugObject.swift */ = {isa = PBXFileReference; fileEncoding = 4; lastKnownFileType = sourcecode.swift; name = HATDataPlugObject.swift; path = HAT/Objects/HATDataPlugObject.swift; sourceTree = "<group>"; };
		602D16551E82AD5800C53A5E /* HATDataPlugOwnerObject.swift */ = {isa = PBXFileReference; fileEncoding = 4; lastKnownFileType = sourcecode.swift; name = HATDataPlugOwnerObject.swift; path = HAT/Objects/HATDataPlugOwnerObject.swift; sourceTree = "<group>"; };
		602D16561E82AD5800C53A5E /* HATDataPlugRatingObject.swift */ = {isa = PBXFileReference; fileEncoding = 4; lastKnownFileType = sourcecode.swift; name = HATDataPlugRatingObject.swift; path = HAT/Objects/HATDataPlugRatingObject.swift; sourceTree = "<group>"; };
		602D165C1E82AD6C00C53A5E /* HATFacebookDataPostsApplicationSocialFeedObject.swift */ = {isa = PBXFileReference; fileEncoding = 4; lastKnownFileType = sourcecode.swift; name = HATFacebookDataPostsApplicationSocialFeedObject.swift; path = HAT/Objects/HATFacebookDataPostsApplicationSocialFeedObject.swift; sourceTree = "<group>"; };
		602D165D1E82AD6C00C53A5E /* HATFacebookDataPostsFromSocialFeedObject.swift */ = {isa = PBXFileReference; fileEncoding = 4; lastKnownFileType = sourcecode.swift; name = HATFacebookDataPostsFromSocialFeedObject.swift; path = HAT/Objects/HATFacebookDataPostsFromSocialFeedObject.swift; sourceTree = "<group>"; };
		602D165E1E82AD6C00C53A5E /* HATFacebookDataPostsPrivacySocialFeedObject.swift */ = {isa = PBXFileReference; fileEncoding = 4; lastKnownFileType = sourcecode.swift; name = HATFacebookDataPostsPrivacySocialFeedObject.swift; path = HAT/Objects/HATFacebookDataPostsPrivacySocialFeedObject.swift; sourceTree = "<group>"; };
		602D165F1E82AD6C00C53A5E /* HATFacebookDataPostsSocialFeedObject.swift */ = {isa = PBXFileReference; fileEncoding = 4; lastKnownFileType = sourcecode.swift; name = HATFacebookDataPostsSocialFeedObject.swift; path = HAT/Objects/HATFacebookDataPostsSocialFeedObject.swift; sourceTree = "<group>"; };
		602D16601E82AD6C00C53A5E /* HATFacebookDataSocialFeedObject.swift */ = {isa = PBXFileReference; fileEncoding = 4; lastKnownFileType = sourcecode.swift; name = HATFacebookDataSocialFeedObject.swift; path = HAT/Objects/HATFacebookDataSocialFeedObject.swift; sourceTree = "<group>"; };
		602D16611E82AD6C00C53A5E /* HATFacebookSocialFeedObject.swift */ = {isa = PBXFileReference; fileEncoding = 4; lastKnownFileType = sourcecode.swift; name = HATFacebookSocialFeedObject.swift; path = HAT/Objects/HATFacebookSocialFeedObject.swift; sourceTree = "<group>"; };
		602D16681E82AD7D00C53A5E /* HATProviderCategoryObject.swift */ = {isa = PBXFileReference; fileEncoding = 4; lastKnownFileType = sourcecode.swift; name = HATProviderCategoryObject.swift; path = HAT/Objects/HATProviderCategoryObject.swift; sourceTree = "<group>"; };
		602D16691E82AD7D00C53A5E /* HATProviderKindObject.swift */ = {isa = PBXFileReference; fileEncoding = 4; lastKnownFileType = sourcecode.swift; name = HATProviderKindObject.swift; path = HAT/Objects/HATProviderKindObject.swift; sourceTree = "<group>"; };
		602D166A1E82AD7D00C53A5E /* HATProviderObject.swift */ = {isa = PBXFileReference; fileEncoding = 4; lastKnownFileType = sourcecode.swift; name = HATProviderObject.swift; path = HAT/Objects/HATProviderObject.swift; sourceTree = "<group>"; };
		602D166B1E82AD7D00C53A5E /* HATProviderPaymentObject.swift */ = {isa = PBXFileReference; fileEncoding = 4; lastKnownFileType = sourcecode.swift; name = HATProviderPaymentObject.swift; path = HAT/Objects/HATProviderPaymentObject.swift; sourceTree = "<group>"; };
		602D16701E82AD8E00C53A5E /* HATLocationsDataLocationsObject.swift */ = {isa = PBXFileReference; fileEncoding = 4; lastKnownFileType = sourcecode.swift; name = HATLocationsDataLocationsObject.swift; path = HAT/Objects/HATLocationsDataLocationsObject.swift; sourceTree = "<group>"; };
		602D16711E82AD8E00C53A5E /* HATLocationsDataObject.swift */ = {isa = PBXFileReference; fileEncoding = 4; lastKnownFileType = sourcecode.swift; name = HATLocationsDataObject.swift; path = HAT/Objects/HATLocationsDataObject.swift; sourceTree = "<group>"; };
		602D16721E82AD8E00C53A5E /* HATLocationsObject.swift */ = {isa = PBXFileReference; fileEncoding = 4; lastKnownFileType = sourcecode.swift; name = HATLocationsObject.swift; path = HAT/Objects/HATLocationsObject.swift; sourceTree = "<group>"; };
		602D16761E82AD9900C53A5E /* HATSystemStatusKindObject.swift */ = {isa = PBXFileReference; fileEncoding = 4; lastKnownFileType = sourcecode.swift; name = HATSystemStatusKindObject.swift; path = HAT/Objects/HATSystemStatusKindObject.swift; sourceTree = "<group>"; };
		602D16771E82AD9900C53A5E /* HATSystemStatusObject.swift */ = {isa = PBXFileReference; fileEncoding = 4; lastKnownFileType = sourcecode.swift; name = HATSystemStatusObject.swift; path = HAT/Objects/HATSystemStatusObject.swift; sourceTree = "<group>"; };
		602D167A1E82ADA400C53A5E /* HATTwitterDataSocialFeedObject.swift */ = {isa = PBXFileReference; fileEncoding = 4; lastKnownFileType = sourcecode.swift; name = HATTwitterDataSocialFeedObject.swift; path = HAT/Objects/HATTwitterDataSocialFeedObject.swift; sourceTree = "<group>"; };
		602D167B1E82ADA400C53A5E /* HATTwitterDataTweetsSocialFeedObject.swift */ = {isa = PBXFileReference; fileEncoding = 4; lastKnownFileType = sourcecode.swift; name = HATTwitterDataTweetsSocialFeedObject.swift; path = HAT/Objects/HATTwitterDataTweetsSocialFeedObject.swift; sourceTree = "<group>"; };
		602D167C1E82ADA400C53A5E /* HATTwitterDataTweetsUsersSocialFeedObject.swift */ = {isa = PBXFileReference; fileEncoding = 4; lastKnownFileType = sourcecode.swift; name = HATTwitterDataTweetsUsersSocialFeedObject.swift; path = HAT/Objects/HATTwitterDataTweetsUsersSocialFeedObject.swift; sourceTree = "<group>"; };
		602D167D1E82ADA400C53A5E /* HATTwitterSocialFeedObject.swift */ = {isa = PBXFileReference; fileEncoding = 4; lastKnownFileType = sourcecode.swift; name = HATTwitterSocialFeedObject.swift; path = HAT/Objects/HATTwitterSocialFeedObject.swift; sourceTree = "<group>"; };
		602D16821E82AE0100C53A5E /* HATNotesAuthorData.swift */ = {isa = PBXFileReference; fileEncoding = 4; lastKnownFileType = sourcecode.swift; name = HATNotesAuthorData.swift; path = HAT/Objects/HATNotesAuthorData.swift; sourceTree = "<group>"; };
		602D16831E82AE0100C53A5E /* HATNotesData.swift */ = {isa = PBXFileReference; fileEncoding = 4; lastKnownFileType = sourcecode.swift; name = HATNotesData.swift; path = HAT/Objects/HATNotesData.swift; sourceTree = "<group>"; };
		602D16841E82AE0100C53A5E /* HATNotesLocationData.swift */ = {isa = PBXFileReference; fileEncoding = 4; lastKnownFileType = sourcecode.swift; name = HATNotesLocationData.swift; path = HAT/Objects/HATNotesLocationData.swift; sourceTree = "<group>"; };
		602D16851E82AE0100C53A5E /* HATNotesNotablesData.swift */ = {isa = PBXFileReference; fileEncoding = 4; lastKnownFileType = sourcecode.swift; name = HATNotesNotablesData.swift; path = HAT/Objects/HATNotesNotablesData.swift; sourceTree = "<group>"; };
		602D16861E82AE0100C53A5E /* HATNotesPhotoData.swift */ = {isa = PBXFileReference; fileEncoding = 4; lastKnownFileType = sourcecode.swift; name = HATNotesPhotoData.swift; path = HAT/Objects/HATNotesPhotoData.swift; sourceTree = "<group>"; };
		60444EDD1E4B27C4005E4433 /* HAT.framework */ = {isa = PBXFileReference; explicitFileType = wrapper.framework; includeInIndex = 0; path = HAT.framework; sourceTree = BUILT_PRODUCTS_DIR; };
		60444EE01E4B27C4005E4433 /* HAT.h */ = {isa = PBXFileReference; lastKnownFileType = sourcecode.c.h; path = HAT.h; sourceTree = "<group>"; };
		60444EE11E4B27C4005E4433 /* Info.plist */ = {isa = PBXFileReference; lastKnownFileType = text.plist.xml; path = Info.plist; sourceTree = "<group>"; };
		60444EE61E4B27C5005E4433 /* HATTests.xctest */ = {isa = PBXFileReference; explicitFileType = wrapper.cfbundle; includeInIndex = 0; path = HATTests.xctest; sourceTree = BUILT_PRODUCTS_DIR; };
		60444EEB1E4B27C5005E4433 /* LoginServiceTests.swift */ = {isa = PBXFileReference; lastKnownFileType = sourcecode.swift; path = LoginServiceTests.swift; sourceTree = "<group>"; };
		60444EED1E4B27C5005E4433 /* Info.plist */ = {isa = PBXFileReference; lastKnownFileType = text.plist.xml; path = Info.plist; sourceTree = "<group>"; };
		606375A61E534C2400F0D1B1 /* Structures.swift */ = {isa = PBXFileReference; fileEncoding = 4; lastKnownFileType = sourcecode.swift; path = Structures.swift; sourceTree = "<group>"; };
		606375A81E53613D00F0D1B1 /* FacebookServiceTests.swift */ = {isa = PBXFileReference; fileEncoding = 4; lastKnownFileType = sourcecode.swift; path = FacebookServiceTests.swift; sourceTree = "<group>"; };
		606375AA1E536B1500F0D1B1 /* TwitterServiceTests.swift */ = {isa = PBXFileReference; fileEncoding = 4; lastKnownFileType = sourcecode.swift; path = TwitterServiceTests.swift; sourceTree = "<group>"; };
		606375AC1E536DA200F0D1B1 /* NotableServiceTests.swift */ = {isa = PBXFileReference; fileEncoding = 4; lastKnownFileType = sourcecode.swift; path = NotableServiceTests.swift; sourceTree = "<group>"; };
		606375AE1E537C7300F0D1B1 /* FormatterHelperTests.swift */ = {isa = PBXFileReference; fileEncoding = 4; lastKnownFileType = sourcecode.swift; path = FormatterHelperTests.swift; sourceTree = "<group>"; };
		606BBA3A1E546DF000ECBA6B /* DataPlugsServiceTests.swift */ = {isa = PBXFileReference; fileEncoding = 4; lastKnownFileType = sourcecode.swift; path = DataPlugsServiceTests.swift; sourceTree = "<group>"; };
		EA7AEE7D6190163453BCF60C /* Pods-HAT.debug.xcconfig */ = {isa = PBXFileReference; includeInIndex = 1; lastKnownFileType = text.xcconfig; name = "Pods-HAT.debug.xcconfig"; path = "Pods/Target Support Files/Pods-HAT/Pods-HAT.debug.xcconfig"; sourceTree = "<group>"; };
		F5E8BDF19F0511F88B218311 /* Pods_HAT.framework */ = {isa = PBXFileReference; explicitFileType = wrapper.framework; includeInIndex = 0; path = Pods_HAT.framework; sourceTree = BUILT_PRODUCTS_DIR; };
/* End PBXFileReference section */

/* Begin PBXFrameworksBuildPhase section */
		60444ED91E4B27C4005E4433 /* Frameworks */ = {
			isa = PBXFrameworksBuildPhase;
			buildActionMask = 2147483647;
			files = (
				DAE77631B5EE973DB860751E /* Pods_HAT.framework in Frameworks */,
			);
			runOnlyForDeploymentPostprocessing = 0;
		};
		60444EE31E4B27C5005E4433 /* Frameworks */ = {
			isa = PBXFrameworksBuildPhase;
			buildActionMask = 2147483647;
			files = (
				60444EE71E4B27C5005E4433 /* HAT.framework in Frameworks */,
				379C91CDBA516AF1B61C086D /* Pods_HATTests.framework in Frameworks */,
			);
			runOnlyForDeploymentPostprocessing = 0;
		};
/* End PBXFrameworksBuildPhase section */

/* Begin PBXGroup section */
		5AE59415FC61321AE461CBEB /* Frameworks */ = {
			isa = PBXGroup;
			children = (
				F5E8BDF19F0511F88B218311 /* Pods_HAT.framework */,
				276A84838AF114846AA6C978 /* Pods_HATTests.framework */,
			);
			name = Frameworks;
			sourceTree = "<group>";
		};
		601691081E4B4B7C00505E8D /* Services */ = {
			isa = PBXGroup;
			children = (
				602D16381E82ACA900C53A5E /* HATAccountService.swift */,
				602D16391E82ACA900C53A5E /* HATDataPlugsService.swift */,
				602D163A1E82ACA900C53A5E /* HATFacebookService.swift */,
				602D163B1E82ACA900C53A5E /* HATLocationService.swift */,
				602D163C1E82ACA900C53A5E /* HATLoginService.swift */,
				602D163D1E82ACA900C53A5E /* HATNotableService.swift */,
				602D163E1E82ACA900C53A5E /* HATService.swift */,
				602D163F1E82ACA900C53A5E /* HATTwitterService.swift */,
			);
			name = Services;
			sourceTree = "<group>";
		};
		601691091E4B4B8400505E8D /* Helpers */ = {
			isa = PBXGroup;
			children = (
				602D16491E82ACC300C53A5E /* HATErrorHelper.swift */,
				602D164C1E82ACEE00C53A5E /* ΗΑΤNetworkHelper.swift */,
				602D164D1E82ACEE00C53A5E /* HATFormatterHelper.swift */,
			);
			name = Helpers;
			sourceTree = "<group>";
		};
		6016910A1E4B4B8900505E8D /* Objects */ = {
			isa = PBXGroup;
			children = (
				602D16501E82AD3E00C53A5E /* HATSocialFeedObject.swift */,
				606BBA2F1E54546700ECBA6B /* Data Plugs */,
				601691241E4B6AE600505E8D /* Facebook */,
				60E267921E54ADCD00B6D626 /* HAT Provider */,
				60275BA61E6ECC0D0098B66C /* Locations */,
				601691351E4B766100505E8D /* Notes */,
				60275BA11E6ECBF70098B66C /* SystemStatus */,
				601691231E4B6AD300505E8D /* Twitter */,
			);
			name = Objects;
			sourceTree = "<group>";
		};
		601691231E4B6AD300505E8D /* Twitter */ = {
			isa = PBXGroup;
			children = (
				602D167A1E82ADA400C53A5E /* HATTwitterDataSocialFeedObject.swift */,
				602D167B1E82ADA400C53A5E /* HATTwitterDataTweetsSocialFeedObject.swift */,
				602D167C1E82ADA400C53A5E /* HATTwitterDataTweetsUsersSocialFeedObject.swift */,
				602D167D1E82ADA400C53A5E /* HATTwitterSocialFeedObject.swift */,
			);
			name = Twitter;
			sourceTree = "<group>";
		};
		601691241E4B6AE600505E8D /* Facebook */ = {
			isa = PBXGroup;
			children = (
				602D165C1E82AD6C00C53A5E /* HATFacebookDataPostsApplicationSocialFeedObject.swift */,
				602D165D1E82AD6C00C53A5E /* HATFacebookDataPostsFromSocialFeedObject.swift */,
				602D165E1E82AD6C00C53A5E /* HATFacebookDataPostsPrivacySocialFeedObject.swift */,
				602D165F1E82AD6C00C53A5E /* HATFacebookDataPostsSocialFeedObject.swift */,
				602D16601E82AD6C00C53A5E /* HATFacebookDataSocialFeedObject.swift */,
				602D16611E82AD6C00C53A5E /* HATFacebookSocialFeedObject.swift */,
			);
			name = Facebook;
			sourceTree = "<group>";
		};
		601691351E4B766100505E8D /* Notes */ = {
			isa = PBXGroup;
			children = (
				602D16821E82AE0100C53A5E /* HATNotesAuthorData.swift */,
				602D16831E82AE0100C53A5E /* HATNotesData.swift */,
				602D16841E82AE0100C53A5E /* HATNotesLocationData.swift */,
				602D16851E82AE0100C53A5E /* HATNotesNotablesData.swift */,
				602D16861E82AE0100C53A5E /* HATNotesPhotoData.swift */,
			);
			name = Notes;
			sourceTree = "<group>";
		};
		60275BA11E6ECBF70098B66C /* SystemStatus */ = {
			isa = PBXGroup;
			children = (
				602D16761E82AD9900C53A5E /* HATSystemStatusKindObject.swift */,
				602D16771E82AD9900C53A5E /* HATSystemStatusObject.swift */,
			);
			name = SystemStatus;
			sourceTree = "<group>";
		};
		60275BA61E6ECC0D0098B66C /* Locations */ = {
			isa = PBXGroup;
			children = (
				602D16701E82AD8E00C53A5E /* HATLocationsDataLocationsObject.swift */,
				602D16711E82AD8E00C53A5E /* HATLocationsDataObject.swift */,
				602D16721E82AD8E00C53A5E /* HATLocationsObject.swift */,
			);
			name = Locations;
			sourceTree = "<group>";
		};
		60444ED31E4B27C4005E4433 = {
			isa = PBXGroup;
			children = (
				60444EDF1E4B27C4005E4433 /* HAT */,
				60444EEA1E4B27C5005E4433 /* HATTests */,
				60444EDE1E4B27C4005E4433 /* Products */,
				816EE3D833FB170DB1D6AA4E /* Pods */,
				5AE59415FC61321AE461CBEB /* Frameworks */,
			);
			sourceTree = "<group>";
		};
		60444EDE1E4B27C4005E4433 /* Products */ = {
			isa = PBXGroup;
			children = (
				60444EDD1E4B27C4005E4433 /* HAT.framework */,
				60444EE61E4B27C5005E4433 /* HATTests.xctest */,
			);
			name = Products;
			sourceTree = "<group>";
		};
		60444EDF1E4B27C4005E4433 /* HAT */ = {
			isa = PBXGroup;
			children = (
				6016910A1E4B4B8900505E8D /* Objects */,
				601691091E4B4B8400505E8D /* Helpers */,
				601691081E4B4B7C00505E8D /* Services */,
				60444EE01E4B27C4005E4433 /* HAT.h */,
				60444EE11E4B27C4005E4433 /* Info.plist */,
				602D16361E82AC8C00C53A5E /* HATConstants.swift */,
			);
			path = HAT;
			sourceTree = "<group>";
		};
		60444EEA1E4B27C5005E4433 /* HATTests */ = {
			isa = PBXGroup;
			children = (
				606BBA3A1E546DF000ECBA6B /* DataPlugsServiceTests.swift */,
				606375A81E53613D00F0D1B1 /* FacebookServiceTests.swift */,
				606375AE1E537C7300F0D1B1 /* FormatterHelperTests.swift */,
				6020A7071E52803800D7DC04 /* HATAccountServiceTests.swift */,
				6020A7051E52749700D7DC04 /* HATServiceTests.swift */,
				6020A7021E526BBF00D7DC04 /* LocationServiceTests.swift */,
				60444EEB1E4B27C5005E4433 /* LoginServiceTests.swift */,
				606375AC1E536DA200F0D1B1 /* NotableServiceTests.swift */,
				606375A61E534C2400F0D1B1 /* Structures.swift */,
				606375AA1E536B1500F0D1B1 /* TwitterServiceTests.swift */,
				60444EED1E4B27C5005E4433 /* Info.plist */,
			);
			path = HATTests;
			sourceTree = "<group>";
		};
		606BBA2F1E54546700ECBA6B /* Data Plugs */ = {
			isa = PBXGroup;
			children = (
				602D16521E82AD5800C53A5E /* HATDataPlugDataDefinitionObject.swift */,
				602D16531E82AD5800C53A5E /* HATDataPlugDataSetObject.swift */,
				602D16541E82AD5800C53A5E /* HATDataPlugObject.swift */,
				602D16551E82AD5800C53A5E /* HATDataPlugOwnerObject.swift */,
				602D16561E82AD5800C53A5E /* HATDataPlugRatingObject.swift */,
			);
			name = "Data Plugs";
			sourceTree = "<group>";
		};
		60E267921E54ADCD00B6D626 /* HAT Provider */ = {
			isa = PBXGroup;
			children = (
				602D16681E82AD7D00C53A5E /* HATProviderCategoryObject.swift */,
				602D16691E82AD7D00C53A5E /* HATProviderKindObject.swift */,
				602D166A1E82AD7D00C53A5E /* HATProviderObject.swift */,
				602D166B1E82AD7D00C53A5E /* HATProviderPaymentObject.swift */,
			);
			name = "HAT Provider";
			sourceTree = "<group>";
		};
		816EE3D833FB170DB1D6AA4E /* Pods */ = {
			isa = PBXGroup;
			children = (
				EA7AEE7D6190163453BCF60C /* Pods-HAT.debug.xcconfig */,
				0F217E04F6A43CBD1160A765 /* Pods-HAT.release.xcconfig */,
				2E6B981390ACA28160998321 /* Pods-HATTests.debug.xcconfig */,
				2E35995A09FA50E6E5A67F12 /* Pods-HATTests.release.xcconfig */,
			);
			name = Pods;
			sourceTree = "<group>";
		};
/* End PBXGroup section */

/* Begin PBXHeadersBuildPhase section */
		60444EDA1E4B27C4005E4433 /* Headers */ = {
			isa = PBXHeadersBuildPhase;
			buildActionMask = 2147483647;
			files = (
				60444EEE1E4B27C5005E4433 /* HAT.h in Headers */,
			);
			runOnlyForDeploymentPostprocessing = 0;
		};
/* End PBXHeadersBuildPhase section */

/* Begin PBXNativeTarget section */
		60444EDC1E4B27C4005E4433 /* HAT */ = {
			isa = PBXNativeTarget;
			buildConfigurationList = 60444EF11E4B27C5005E4433 /* Build configuration list for PBXNativeTarget "HAT" */;
			buildPhases = (
				98B979C718B084FEAF2FC42D /* [CP] Check Pods Manifest.lock */,
				60444ED81E4B27C4005E4433 /* Sources */,
				60444ED91E4B27C4005E4433 /* Frameworks */,
				60444EDA1E4B27C4005E4433 /* Headers */,
				60444EDB1E4B27C4005E4433 /* Resources */,
				54E8888CF1957371297870C3 /* [CP] Copy Pods Resources */,
			);
			buildRules = (
			);
			dependencies = (
			);
			name = HAT;
			productName = HAT;
			productReference = 60444EDD1E4B27C4005E4433 /* HAT.framework */;
			productType = "com.apple.product-type.framework";
		};
		60444EE51E4B27C5005E4433 /* HATTests */ = {
			isa = PBXNativeTarget;
			buildConfigurationList = 60444EF41E4B27C5005E4433 /* Build configuration list for PBXNativeTarget "HATTests" */;
			buildPhases = (
				503EF065F8BC5E0DAB569384 /* [CP] Check Pods Manifest.lock */,
				60444EE21E4B27C5005E4433 /* Sources */,
				60444EE31E4B27C5005E4433 /* Frameworks */,
				60444EE41E4B27C5005E4433 /* Resources */,
				01241C9A8F2E45643A1C5833 /* [CP] Embed Pods Frameworks */,
				DB6AF063E9360F8795F60D57 /* [CP] Copy Pods Resources */,
			);
			buildRules = (
			);
			dependencies = (
				60444EE91E4B27C5005E4433 /* PBXTargetDependency */,
			);
			name = HATTests;
			productName = HATTests;
			productReference = 60444EE61E4B27C5005E4433 /* HATTests.xctest */;
			productType = "com.apple.product-type.bundle.unit-test";
		};
/* End PBXNativeTarget section */

/* Begin PBXProject section */
		60444ED41E4B27C4005E4433 /* Project object */ = {
			isa = PBXProject;
			attributes = {
				LastSwiftUpdateCheck = 0820;
				LastUpgradeCheck = 0820;
				ORGANIZATIONNAME = HATDeX;
				TargetAttributes = {
					60444EDC1E4B27C4005E4433 = {
						CreatedOnToolsVersion = 8.2.1;
						DevelopmentTeam = FG275HQ3SR;
						LastSwiftMigration = 0820;
						ProvisioningStyle = Automatic;
					};
					60444EE51E4B27C5005E4433 = {
						CreatedOnToolsVersion = 8.2.1;
						DevelopmentTeam = FG275HQ3SR;
						ProvisioningStyle = Automatic;
					};
				};
			};
			buildConfigurationList = 60444ED71E4B27C4005E4433 /* Build configuration list for PBXProject "HAT" */;
			compatibilityVersion = "Xcode 3.2";
			developmentRegion = English;
			hasScannedForEncodings = 0;
			knownRegions = (
				en,
			);
			mainGroup = 60444ED31E4B27C4005E4433;
			productRefGroup = 60444EDE1E4B27C4005E4433 /* Products */;
			projectDirPath = "";
			projectRoot = "";
			targets = (
				60444EDC1E4B27C4005E4433 /* HAT */,
				60444EE51E4B27C5005E4433 /* HATTests */,
			);
		};
/* End PBXProject section */

/* Begin PBXResourcesBuildPhase section */
		60444EDB1E4B27C4005E4433 /* Resources */ = {
			isa = PBXResourcesBuildPhase;
			buildActionMask = 2147483647;
			files = (
			);
			runOnlyForDeploymentPostprocessing = 0;
		};
		60444EE41E4B27C5005E4433 /* Resources */ = {
			isa = PBXResourcesBuildPhase;
			buildActionMask = 2147483647;
			files = (
			);
			runOnlyForDeploymentPostprocessing = 0;
		};
/* End PBXResourcesBuildPhase section */

/* Begin PBXShellScriptBuildPhase section */
		01241C9A8F2E45643A1C5833 /* [CP] Embed Pods Frameworks */ = {
			isa = PBXShellScriptBuildPhase;
			buildActionMask = 2147483647;
			files = (
			);
			inputPaths = (
			);
			name = "[CP] Embed Pods Frameworks";
			outputPaths = (
			);
			runOnlyForDeploymentPostprocessing = 0;
			shellPath = /bin/sh;
			shellScript = "\"${SRCROOT}/Pods/Target Support Files/Pods-HATTests/Pods-HATTests-frameworks.sh\"\n";
			showEnvVarsInLog = 0;
		};
		503EF065F8BC5E0DAB569384 /* [CP] Check Pods Manifest.lock */ = {
			isa = PBXShellScriptBuildPhase;
			buildActionMask = 2147483647;
			files = (
			);
			inputPaths = (
			);
			name = "[CP] Check Pods Manifest.lock";
			outputPaths = (
			);
			runOnlyForDeploymentPostprocessing = 0;
			shellPath = /bin/sh;
			shellScript = "diff \"${PODS_PODFILE_DIR_PATH}/Podfile.lock\" \"${PODS_ROOT}/Manifest.lock\" > /dev/null\nif [ $? != 0 ] ; then\n    # print error to STDERR\n    echo \"error: The sandbox is not in sync with the Podfile.lock. Run 'pod install' or update your CocoaPods installation.\" >&2\n    exit 1\nfi\n";
			showEnvVarsInLog = 0;
		};
		54E8888CF1957371297870C3 /* [CP] Copy Pods Resources */ = {
			isa = PBXShellScriptBuildPhase;
			buildActionMask = 2147483647;
			files = (
			);
			inputPaths = (
			);
			name = "[CP] Copy Pods Resources";
			outputPaths = (
			);
			runOnlyForDeploymentPostprocessing = 0;
			shellPath = /bin/sh;
			shellScript = "\"${SRCROOT}/Pods/Target Support Files/Pods-HAT/Pods-HAT-resources.sh\"\n";
			showEnvVarsInLog = 0;
		};
		98B979C718B084FEAF2FC42D /* [CP] Check Pods Manifest.lock */ = {
			isa = PBXShellScriptBuildPhase;
			buildActionMask = 2147483647;
			files = (
			);
			inputPaths = (
			);
			name = "[CP] Check Pods Manifest.lock";
			outputPaths = (
			);
			runOnlyForDeploymentPostprocessing = 0;
			shellPath = /bin/sh;
			shellScript = "diff \"${PODS_PODFILE_DIR_PATH}/Podfile.lock\" \"${PODS_ROOT}/Manifest.lock\" > /dev/null\nif [ $? != 0 ] ; then\n    # print error to STDERR\n    echo \"error: The sandbox is not in sync with the Podfile.lock. Run 'pod install' or update your CocoaPods installation.\" >&2\n    exit 1\nfi\n";
			showEnvVarsInLog = 0;
		};
		DB6AF063E9360F8795F60D57 /* [CP] Copy Pods Resources */ = {
			isa = PBXShellScriptBuildPhase;
			buildActionMask = 2147483647;
			files = (
			);
			inputPaths = (
			);
			name = "[CP] Copy Pods Resources";
			outputPaths = (
			);
			runOnlyForDeploymentPostprocessing = 0;
			shellPath = /bin/sh;
			shellScript = "\"${SRCROOT}/Pods/Target Support Files/Pods-HATTests/Pods-HATTests-resources.sh\"\n";
			showEnvVarsInLog = 0;
		};
/* End PBXShellScriptBuildPhase section */

/* Begin PBXSourcesBuildPhase section */
		60444ED81E4B27C4005E4433 /* Sources */ = {
			isa = PBXSourcesBuildPhase;
			buildActionMask = 2147483647;
			files = (
				602D16801E82ADA400C53A5E /* HATTwitterDataTweetsUsersSocialFeedObject.swift in Sources */,
				602D16571E82AD5800C53A5E /* HATDataPlugDataDefinitionObject.swift in Sources */,
				602D166D1E82AD7D00C53A5E /* HATProviderKindObject.swift in Sources */,
				602D166C1E82AD7D00C53A5E /* HATProviderCategoryObject.swift in Sources */,
				602D16461E82ACA900C53A5E /* HATService.swift in Sources */,
				602D16421E82ACA900C53A5E /* HATFacebookService.swift in Sources */,
				602D16511E82AD3E00C53A5E /* HATSocialFeedObject.swift in Sources */,
				602D16651E82AD6C00C53A5E /* HATFacebookDataPostsSocialFeedObject.swift in Sources */,
				602D164F1E82ACEE00C53A5E /* HATFormatterHelper.swift in Sources */,
				602D16471E82ACA900C53A5E /* HATTwitterService.swift in Sources */,
				602D165B1E82AD5800C53A5E /* HATDataPlugRatingObject.swift in Sources */,
				602D16781E82AD9900C53A5E /* HATSystemStatusKindObject.swift in Sources */,
				602D164E1E82ACEE00C53A5E /* ΗΑΤNetworkHelper.swift in Sources */,
				602D164B1E82ACC300C53A5E /* HATErrorHelper.swift in Sources */,
				602D16591E82AD5800C53A5E /* HATDataPlugObject.swift in Sources */,
				602D167F1E82ADA400C53A5E /* HATTwitterDataTweetsSocialFeedObject.swift in Sources */,
				602D16661E82AD6C00C53A5E /* HATFacebookDataSocialFeedObject.swift in Sources */,
				602D165A1E82AD5800C53A5E /* HATDataPlugOwnerObject.swift in Sources */,
				602D16731E82AD8E00C53A5E /* HATLocationsDataLocationsObject.swift in Sources */,
				602D16621E82AD6C00C53A5E /* HATFacebookDataPostsApplicationSocialFeedObject.swift in Sources */,
				602D16451E82ACA900C53A5E /* HATNotableService.swift in Sources */,
				602D16641E82AD6C00C53A5E /* HATFacebookDataPostsPrivacySocialFeedObject.swift in Sources */,
				602D16741E82AD8E00C53A5E /* HATLocationsDataObject.swift in Sources */,
				602D16891E82AE0100C53A5E /* HATNotesLocationData.swift in Sources */,
				602D16871E82AE0100C53A5E /* HATNotesAuthorData.swift in Sources */,
				602D168B1E82AE0100C53A5E /* HATNotesPhotoData.swift in Sources */,
				602D16791E82AD9900C53A5E /* HATSystemStatusObject.swift in Sources */,
				602D16431E82ACA900C53A5E /* HATLocationService.swift in Sources */,
				602D16401E82ACA900C53A5E /* HATAccountService.swift in Sources */,
				602D16631E82AD6C00C53A5E /* HATFacebookDataPostsFromSocialFeedObject.swift in Sources */,
				602D166E1E82AD7D00C53A5E /* HATProviderObject.swift in Sources */,
				602D16881E82AE0100C53A5E /* HATNotesData.swift in Sources */,
				602D168A1E82AE0100C53A5E /* HATNotesNotablesData.swift in Sources */,
				602D167E1E82ADA400C53A5E /* HATTwitterDataSocialFeedObject.swift in Sources */,
				602D16751E82AD8E00C53A5E /* HATLocationsObject.swift in Sources */,
				602D16411E82ACA900C53A5E /* HATDataPlugsService.swift in Sources */,
				602D16811E82ADA400C53A5E /* HATTwitterSocialFeedObject.swift in Sources */,
				602D16581E82AD5800C53A5E /* HATDataPlugDataSetObject.swift in Sources */,
				602D16371E82AC8C00C53A5E /* HATConstants.swift in Sources */,
				602D166F1E82AD7D00C53A5E /* HATProviderPaymentObject.swift in Sources */,
				602D16671E82AD6C00C53A5E /* HATFacebookSocialFeedObject.swift in Sources */,
				602D16441E82ACA900C53A5E /* HATLoginService.swift in Sources */,
			);
			runOnlyForDeploymentPostprocessing = 0;
		};
		60444EE21E4B27C5005E4433 /* Sources */ = {
			isa = PBXSourcesBuildPhase;
			buildActionMask = 2147483647;
			files = (
				6020A7031E526BBF00D7DC04 /* LocationServiceTests.swift in Sources */,
				606375A91E53613D00F0D1B1 /* FacebookServiceTests.swift in Sources */,
				606375AD1E536DA300F0D1B1 /* NotableServiceTests.swift in Sources */,
				606375A71E534C2400F0D1B1 /* Structures.swift in Sources */,
				606375AB1E536B1500F0D1B1 /* TwitterServiceTests.swift in Sources */,
				6020A7081E52803800D7DC04 /* HATAccountServiceTests.swift in Sources */,
				6020A7061E52749700D7DC04 /* HATServiceTests.swift in Sources */,
				60444EEC1E4B27C5005E4433 /* LoginServiceTests.swift in Sources */,
				606375AF1E537C7300F0D1B1 /* FormatterHelperTests.swift in Sources */,
				606BBA3B1E546DF000ECBA6B /* DataPlugsServiceTests.swift in Sources */,
			);
			runOnlyForDeploymentPostprocessing = 0;
		};
/* End PBXSourcesBuildPhase section */

/* Begin PBXTargetDependency section */
		60444EE91E4B27C5005E4433 /* PBXTargetDependency */ = {
			isa = PBXTargetDependency;
			target = 60444EDC1E4B27C4005E4433 /* HAT */;
			targetProxy = 60444EE81E4B27C5005E4433 /* PBXContainerItemProxy */;
		};
/* End PBXTargetDependency section */

/* Begin XCBuildConfiguration section */
		60444EEF1E4B27C5005E4433 /* Debug */ = {
			isa = XCBuildConfiguration;
			buildSettings = {
				ALWAYS_SEARCH_USER_PATHS = NO;
				CLANG_ANALYZER_NONNULL = YES;
				CLANG_CXX_LANGUAGE_STANDARD = "gnu++0x";
				CLANG_CXX_LIBRARY = "libc++";
				CLANG_ENABLE_MODULES = YES;
				CLANG_ENABLE_OBJC_ARC = YES;
				CLANG_WARN_BOOL_CONVERSION = YES;
				CLANG_WARN_CONSTANT_CONVERSION = YES;
				CLANG_WARN_DIRECT_OBJC_ISA_USAGE = YES_ERROR;
				CLANG_WARN_DOCUMENTATION_COMMENTS = YES;
				CLANG_WARN_EMPTY_BODY = YES;
				CLANG_WARN_ENUM_CONVERSION = YES;
				CLANG_WARN_INFINITE_RECURSION = YES;
				CLANG_WARN_INT_CONVERSION = YES;
				CLANG_WARN_OBJC_ROOT_CLASS = YES_ERROR;
				CLANG_WARN_SUSPICIOUS_MOVE = YES;
				CLANG_WARN_UNREACHABLE_CODE = YES;
				CLANG_WARN__DUPLICATE_METHOD_MATCH = YES;
				"CODE_SIGN_IDENTITY[sdk=iphoneos*]" = "iPhone Developer";
				COPY_PHASE_STRIP = NO;
				CURRENT_PROJECT_VERSION = 1;
				DEBUG_INFORMATION_FORMAT = dwarf;
				ENABLE_STRICT_OBJC_MSGSEND = YES;
				ENABLE_TESTABILITY = YES;
				GCC_C_LANGUAGE_STANDARD = gnu99;
				GCC_DYNAMIC_NO_PIC = NO;
				GCC_NO_COMMON_BLOCKS = YES;
				GCC_OPTIMIZATION_LEVEL = 0;
				GCC_PREPROCESSOR_DEFINITIONS = (
					"DEBUG=1",
					"$(inherited)",
				);
				GCC_WARN_64_TO_32_BIT_CONVERSION = YES;
				GCC_WARN_ABOUT_RETURN_TYPE = YES_ERROR;
				GCC_WARN_UNDECLARED_SELECTOR = YES;
				GCC_WARN_UNINITIALIZED_AUTOS = YES_AGGRESSIVE;
				GCC_WARN_UNUSED_FUNCTION = YES;
				GCC_WARN_UNUSED_VARIABLE = YES;
				IPHONEOS_DEPLOYMENT_TARGET = 10.2;
				MTL_ENABLE_DEBUG_INFO = YES;
				ONLY_ACTIVE_ARCH = YES;
				SDKROOT = iphoneos;
				SWIFT_ACTIVE_COMPILATION_CONDITIONS = DEBUG;
				SWIFT_OPTIMIZATION_LEVEL = "-Onone";
				TARGETED_DEVICE_FAMILY = "1,2";
				VERSIONING_SYSTEM = "apple-generic";
				VERSION_INFO_PREFIX = "";
			};
			name = Debug;
		};
		60444EF01E4B27C5005E4433 /* Release */ = {
			isa = XCBuildConfiguration;
			buildSettings = {
				ALWAYS_SEARCH_USER_PATHS = NO;
				CLANG_ANALYZER_NONNULL = YES;
				CLANG_CXX_LANGUAGE_STANDARD = "gnu++0x";
				CLANG_CXX_LIBRARY = "libc++";
				CLANG_ENABLE_MODULES = YES;
				CLANG_ENABLE_OBJC_ARC = YES;
				CLANG_WARN_BOOL_CONVERSION = YES;
				CLANG_WARN_CONSTANT_CONVERSION = YES;
				CLANG_WARN_DIRECT_OBJC_ISA_USAGE = YES_ERROR;
				CLANG_WARN_DOCUMENTATION_COMMENTS = YES;
				CLANG_WARN_EMPTY_BODY = YES;
				CLANG_WARN_ENUM_CONVERSION = YES;
				CLANG_WARN_INFINITE_RECURSION = YES;
				CLANG_WARN_INT_CONVERSION = YES;
				CLANG_WARN_OBJC_ROOT_CLASS = YES_ERROR;
				CLANG_WARN_SUSPICIOUS_MOVE = YES;
				CLANG_WARN_UNREACHABLE_CODE = YES;
				CLANG_WARN__DUPLICATE_METHOD_MATCH = YES;
				"CODE_SIGN_IDENTITY[sdk=iphoneos*]" = "iPhone Developer";
				COPY_PHASE_STRIP = NO;
				CURRENT_PROJECT_VERSION = 1;
				DEBUG_INFORMATION_FORMAT = "dwarf-with-dsym";
				ENABLE_NS_ASSERTIONS = NO;
				ENABLE_STRICT_OBJC_MSGSEND = YES;
				GCC_C_LANGUAGE_STANDARD = gnu99;
				GCC_NO_COMMON_BLOCKS = YES;
				GCC_WARN_64_TO_32_BIT_CONVERSION = YES;
				GCC_WARN_ABOUT_RETURN_TYPE = YES_ERROR;
				GCC_WARN_UNDECLARED_SELECTOR = YES;
				GCC_WARN_UNINITIALIZED_AUTOS = YES_AGGRESSIVE;
				GCC_WARN_UNUSED_FUNCTION = YES;
				GCC_WARN_UNUSED_VARIABLE = YES;
				IPHONEOS_DEPLOYMENT_TARGET = 10.2;
				MTL_ENABLE_DEBUG_INFO = NO;
				SDKROOT = iphoneos;
				SWIFT_OPTIMIZATION_LEVEL = "-Owholemodule";
				TARGETED_DEVICE_FAMILY = "1,2";
				VALIDATE_PRODUCT = YES;
				VERSIONING_SYSTEM = "apple-generic";
				VERSION_INFO_PREFIX = "";
			};
			name = Release;
		};
		60444EF21E4B27C5005E4433 /* Debug */ = {
			isa = XCBuildConfiguration;
			baseConfigurationReference = EA7AEE7D6190163453BCF60C /* Pods-HAT.debug.xcconfig */;
			buildSettings = {
				ALWAYS_EMBED_SWIFT_STANDARD_LIBRARIES = "$(inherited)";
				CLANG_ENABLE_MODULES = YES;
				CODE_SIGN_IDENTITY = "";
				DEFINES_MODULE = YES;
				DEVELOPMENT_TEAM = FG275HQ3SR;
				DYLIB_COMPATIBILITY_VERSION = 1;
				DYLIB_CURRENT_VERSION = 1;
				DYLIB_INSTALL_NAME_BASE = "@rpath";
				INFOPLIST_FILE = HAT/Info.plist;
				INSTALL_PATH = "$(LOCAL_LIBRARY_DIR)/Frameworks";
				IPHONEOS_DEPLOYMENT_TARGET = 9.0;
				LD_RUNPATH_SEARCH_PATHS = "$(inherited) @executable_path/Frameworks @loader_path/Frameworks";
				PRODUCT_BUNDLE_IDENTIFIER = com.hatdex.HAT;
				PRODUCT_NAME = "$(TARGET_NAME)";
				SKIP_INSTALL = YES;
				SWIFT_OPTIMIZATION_LEVEL = "-Onone";
				SWIFT_VERSION = 3.0;
			};
			name = Debug;
		};
		60444EF31E4B27C5005E4433 /* Release */ = {
			isa = XCBuildConfiguration;
			baseConfigurationReference = 0F217E04F6A43CBD1160A765 /* Pods-HAT.release.xcconfig */;
			buildSettings = {
				ALWAYS_EMBED_SWIFT_STANDARD_LIBRARIES = "$(inherited)";
				CLANG_ENABLE_MODULES = YES;
				CODE_SIGN_IDENTITY = "";
				DEFINES_MODULE = YES;
				DEVELOPMENT_TEAM = FG275HQ3SR;
				DYLIB_COMPATIBILITY_VERSION = 1;
				DYLIB_CURRENT_VERSION = 1;
				DYLIB_INSTALL_NAME_BASE = "@rpath";
				INFOPLIST_FILE = HAT/Info.plist;
				INSTALL_PATH = "$(LOCAL_LIBRARY_DIR)/Frameworks";
				IPHONEOS_DEPLOYMENT_TARGET = 9.0;
				LD_RUNPATH_SEARCH_PATHS = "$(inherited) @executable_path/Frameworks @loader_path/Frameworks";
				PRODUCT_BUNDLE_IDENTIFIER = com.hatdex.HAT;
				PRODUCT_NAME = "$(TARGET_NAME)";
				SKIP_INSTALL = YES;
				SWIFT_VERSION = 3.0;
			};
			name = Release;
		};
		60444EF51E4B27C5005E4433 /* Debug */ = {
			isa = XCBuildConfiguration;
			baseConfigurationReference = 2E6B981390ACA28160998321 /* Pods-HATTests.debug.xcconfig */;
			buildSettings = {
				ALWAYS_EMBED_SWIFT_STANDARD_LIBRARIES = YES;
				DEVELOPMENT_TEAM = FG275HQ3SR;
				INFOPLIST_FILE = HATTests/Info.plist;
				LD_RUNPATH_SEARCH_PATHS = "$(inherited) @executable_path/Frameworks @loader_path/Frameworks";
				PRODUCT_BUNDLE_IDENTIFIER = com.hatdex.HATTests;
				PRODUCT_NAME = "$(TARGET_NAME)";
				SWIFT_VERSION = 3.0;
			};
			name = Debug;
		};
		60444EF61E4B27C5005E4433 /* Release */ = {
			isa = XCBuildConfiguration;
			baseConfigurationReference = 2E35995A09FA50E6E5A67F12 /* Pods-HATTests.release.xcconfig */;
			buildSettings = {
				ALWAYS_EMBED_SWIFT_STANDARD_LIBRARIES = YES;
				DEVELOPMENT_TEAM = FG275HQ3SR;
				INFOPLIST_FILE = HATTests/Info.plist;
				LD_RUNPATH_SEARCH_PATHS = "$(inherited) @executable_path/Frameworks @loader_path/Frameworks";
				PRODUCT_BUNDLE_IDENTIFIER = com.hatdex.HATTests;
				PRODUCT_NAME = "$(TARGET_NAME)";
				SWIFT_VERSION = 3.0;
			};
			name = Release;
		};
/* End XCBuildConfiguration section */

/* Begin XCConfigurationList section */
		60444ED71E4B27C4005E4433 /* Build configuration list for PBXProject "HAT" */ = {
			isa = XCConfigurationList;
			buildConfigurations = (
				60444EEF1E4B27C5005E4433 /* Debug */,
				60444EF01E4B27C5005E4433 /* Release */,
			);
			defaultConfigurationIsVisible = 0;
			defaultConfigurationName = Release;
		};
		60444EF11E4B27C5005E4433 /* Build configuration list for PBXNativeTarget "HAT" */ = {
			isa = XCConfigurationList;
			buildConfigurations = (
				60444EF21E4B27C5005E4433 /* Debug */,
				60444EF31E4B27C5005E4433 /* Release */,
			);
			defaultConfigurationIsVisible = 0;
			defaultConfigurationName = Release;
		};
		60444EF41E4B27C5005E4433 /* Build configuration list for PBXNativeTarget "HATTests" */ = {
			isa = XCConfigurationList;
			buildConfigurations = (
				60444EF51E4B27C5005E4433 /* Debug */,
				60444EF61E4B27C5005E4433 /* Release */,
			);
			defaultConfigurationIsVisible = 0;
			defaultConfigurationName = Release;
		};
/* End XCConfigurationList section */
	};
	rootObject = 60444ED41E4B27C4005E4433 /* Project object */;
}
