// !$*UTF8*$!
{
	archiveVersion = 1;
	classes = {
	};
	objectVersion = 46;
	objects = {

/* Begin PBXBuildFile section */
		379C91CDBA516AF1B61C086D /* Pods_HATTests.framework in Frameworks */ = {isa = PBXBuildFile; fileRef = 276A84838AF114846AA6C978 /* Pods_HATTests.framework */; };
		600995C81EBCC7DC007F9330 /* HATTokenHelper.swift in Sources */ = {isa = PBXBuildFile; fileRef = 604EAC0E1EB886EE0084EEC8 /* HATTokenHelper.swift */; };
		6020A7031E526BBF00D7DC04 /* LocationServiceTests.swift in Sources */ = {isa = PBXBuildFile; fileRef = 6020A7021E526BBF00D7DC04 /* LocationServiceTests.swift */; };
		6020A7061E52749700D7DC04 /* HATServiceTests.swift in Sources */ = {isa = PBXBuildFile; fileRef = 6020A7051E52749700D7DC04 /* HATServiceTests.swift */; };
		6020A7081E52803800D7DC04 /* HATAccountServiceTests.swift in Sources */ = {isa = PBXBuildFile; fileRef = 6020A7071E52803800D7DC04 /* HATAccountServiceTests.swift */; };
		602CB44C1E8BFC6900903F33 /* HATFileService.swift in Sources */ = {isa = PBXBuildFile; fileRef = 602CB44B1E8BFC6900903F33 /* HATFileService.swift */; };
		602CB44D1E8C00F900903F33 /* FileUploadObject.swift in Sources */ = {isa = PBXBuildFile; fileRef = 60BA45E51E8A7C5700ABB758 /* FileUploadObject.swift */; };
		602CB44E1E8C00F900903F33 /* FileUploadObjectPermissions.swift in Sources */ = {isa = PBXBuildFile; fileRef = 60BA45E61E8A7C5700ABB758 /* FileUploadObjectPermissions.swift */; };
		602CB44F1E8C00F900903F33 /* FileUploadObjectStatus.swift in Sources */ = {isa = PBXBuildFile; fileRef = 60BA45E71E8A7C5700ABB758 /* FileUploadObjectStatus.swift */; };
		602CB4501E8C02B500903F33 /* HATJSONHelper.swift in Sources */ = {isa = PBXBuildFile; fileRef = 60E41DD31E853C1D00E3DF60 /* HATJSONHelper.swift */; };
		602CB4511E8C02D600903F33 /* HATFileService.swift in Sources */ = {isa = PBXBuildFile; fileRef = 602CB44B1E8BFC6900903F33 /* HATFileService.swift */; };
		602D16C71E82B1CA00C53A5E /* HATConstants.swift in Sources */ = {isa = PBXBuildFile; fileRef = 602D16C61E82B1CA00C53A5E /* HATConstants.swift */; };
		602D16D01E82B1D700C53A5E /* HATAccountService.swift in Sources */ = {isa = PBXBuildFile; fileRef = 602D16C81E82B1D700C53A5E /* HATAccountService.swift */; };
		602D16D11E82B1D700C53A5E /* HATDataPlugsService.swift in Sources */ = {isa = PBXBuildFile; fileRef = 602D16C91E82B1D700C53A5E /* HATDataPlugsService.swift */; };
		602D16D21E82B1D700C53A5E /* HATFacebookService.swift in Sources */ = {isa = PBXBuildFile; fileRef = 602D16CA1E82B1D700C53A5E /* HATFacebookService.swift */; };
		602D16D31E82B1D700C53A5E /* HATLocationService.swift in Sources */ = {isa = PBXBuildFile; fileRef = 602D16CB1E82B1D700C53A5E /* HATLocationService.swift */; };
		602D16D41E82B1D700C53A5E /* HATLoginService.swift in Sources */ = {isa = PBXBuildFile; fileRef = 602D16CC1E82B1D700C53A5E /* HATLoginService.swift */; };
		602D16D51E82B1D700C53A5E /* HATNotableService.swift in Sources */ = {isa = PBXBuildFile; fileRef = 602D16CD1E82B1D700C53A5E /* HATNotableService.swift */; };
		602D16D61E82B1D700C53A5E /* HATService.swift in Sources */ = {isa = PBXBuildFile; fileRef = 602D16CE1E82B1D700C53A5E /* HATService.swift */; };
		602D16D71E82B1D700C53A5E /* HATTwitterService.swift in Sources */ = {isa = PBXBuildFile; fileRef = 602D16CF1E82B1D700C53A5E /* HATTwitterService.swift */; };
		602D16DB1E82B1E700C53A5E /* HATNetworkHelper.swift in Sources */ = {isa = PBXBuildFile; fileRef = 602D16D81E82B1E700C53A5E /* HATNetworkHelper.swift */; };
		602D16DC1E82B1E700C53A5E /* HATErrorHelper.swift in Sources */ = {isa = PBXBuildFile; fileRef = 602D16D91E82B1E700C53A5E /* HATErrorHelper.swift */; };
		602D16DD1E82B1E700C53A5E /* HATFormatterHelper.swift in Sources */ = {isa = PBXBuildFile; fileRef = 602D16DA1E82B1E700C53A5E /* HATFormatterHelper.swift */; };
		602D16DF1E82B1F600C53A5E /* HATSocialFeedObject.swift in Sources */ = {isa = PBXBuildFile; fileRef = 602D16DE1E82B1F600C53A5E /* HATSocialFeedObject.swift */; };
		602D16E51E82B20000C53A5E /* HATDataPlugDataDefinitionObject.swift in Sources */ = {isa = PBXBuildFile; fileRef = 602D16E01E82B20000C53A5E /* HATDataPlugDataDefinitionObject.swift */; };
		602D16E61E82B20000C53A5E /* HATDataPlugDataSetObject.swift in Sources */ = {isa = PBXBuildFile; fileRef = 602D16E11E82B20000C53A5E /* HATDataPlugDataSetObject.swift */; };
		602D16E71E82B20000C53A5E /* HATDataPlugObject.swift in Sources */ = {isa = PBXBuildFile; fileRef = 602D16E21E82B20000C53A5E /* HATDataPlugObject.swift */; };
		602D16E81E82B20000C53A5E /* HATDataPlugOwnerObject.swift in Sources */ = {isa = PBXBuildFile; fileRef = 602D16E31E82B20000C53A5E /* HATDataPlugOwnerObject.swift */; };
		602D16E91E82B20000C53A5E /* HATDataPlugRatingObject.swift in Sources */ = {isa = PBXBuildFile; fileRef = 602D16E41E82B20000C53A5E /* HATDataPlugRatingObject.swift */; };
		602D16F01E82B20900C53A5E /* HATFacebookDataPostsApplicationSocialFeedObject.swift in Sources */ = {isa = PBXBuildFile; fileRef = 602D16EA1E82B20900C53A5E /* HATFacebookDataPostsApplicationSocialFeedObject.swift */; };
		602D16F11E82B20900C53A5E /* HATFacebookDataPostsFromSocialFeedObject.swift in Sources */ = {isa = PBXBuildFile; fileRef = 602D16EB1E82B20900C53A5E /* HATFacebookDataPostsFromSocialFeedObject.swift */; };
		602D16F21E82B20900C53A5E /* HATFacebookDataPostsPrivacySocialFeedObject.swift in Sources */ = {isa = PBXBuildFile; fileRef = 602D16EC1E82B20900C53A5E /* HATFacebookDataPostsPrivacySocialFeedObject.swift */; };
		602D16F31E82B20900C53A5E /* HATFacebookDataPostsSocialFeedObject.swift in Sources */ = {isa = PBXBuildFile; fileRef = 602D16ED1E82B20900C53A5E /* HATFacebookDataPostsSocialFeedObject.swift */; };
		602D16F41E82B20900C53A5E /* HATFacebookDataSocialFeedObject.swift in Sources */ = {isa = PBXBuildFile; fileRef = 602D16EE1E82B20900C53A5E /* HATFacebookDataSocialFeedObject.swift */; };
		602D16F51E82B20900C53A5E /* HATFacebookSocialFeedObject.swift in Sources */ = {isa = PBXBuildFile; fileRef = 602D16EF1E82B20900C53A5E /* HATFacebookSocialFeedObject.swift */; };
		602D16FA1E82B21300C53A5E /* HATProviderCategoryObject.swift in Sources */ = {isa = PBXBuildFile; fileRef = 602D16F61E82B21300C53A5E /* HATProviderCategoryObject.swift */; };
		602D16FB1E82B21300C53A5E /* HATProviderKindObject.swift in Sources */ = {isa = PBXBuildFile; fileRef = 602D16F71E82B21300C53A5E /* HATProviderKindObject.swift */; };
		602D16FC1E82B21300C53A5E /* HATProviderObject.swift in Sources */ = {isa = PBXBuildFile; fileRef = 602D16F81E82B21300C53A5E /* HATProviderObject.swift */; };
		602D16FD1E82B21300C53A5E /* HATProviderPaymentObject.swift in Sources */ = {isa = PBXBuildFile; fileRef = 602D16F91E82B21300C53A5E /* HATProviderPaymentObject.swift */; };
		602D17011E82B21E00C53A5E /* HATLocationsDataLocationsObject.swift in Sources */ = {isa = PBXBuildFile; fileRef = 602D16FE1E82B21E00C53A5E /* HATLocationsDataLocationsObject.swift */; };
		602D17021E82B21E00C53A5E /* HATLocationsDataObject.swift in Sources */ = {isa = PBXBuildFile; fileRef = 602D16FF1E82B21E00C53A5E /* HATLocationsDataObject.swift */; };
		602D17031E82B21E00C53A5E /* HATLocationsObject.swift in Sources */ = {isa = PBXBuildFile; fileRef = 602D17001E82B21E00C53A5E /* HATLocationsObject.swift */; };
		602D17091E82B22700C53A5E /* HATNotesAuthorData.swift in Sources */ = {isa = PBXBuildFile; fileRef = 602D17041E82B22700C53A5E /* HATNotesAuthorData.swift */; };
		602D170A1E82B22700C53A5E /* HATNotesData.swift in Sources */ = {isa = PBXBuildFile; fileRef = 602D17051E82B22700C53A5E /* HATNotesData.swift */; };
		602D170B1E82B22700C53A5E /* HATNotesLocationData.swift in Sources */ = {isa = PBXBuildFile; fileRef = 602D17061E82B22700C53A5E /* HATNotesLocationData.swift */; };
		602D170C1E82B22700C53A5E /* HATNotesNotablesData.swift in Sources */ = {isa = PBXBuildFile; fileRef = 602D17071E82B22700C53A5E /* HATNotesNotablesData.swift */; };
		602D170D1E82B22700C53A5E /* HATNotesPhotoData.swift in Sources */ = {isa = PBXBuildFile; fileRef = 602D17081E82B22700C53A5E /* HATNotesPhotoData.swift */; };
		602D17101E82B23000C53A5E /* HATSystemStatusKindObject.swift in Sources */ = {isa = PBXBuildFile; fileRef = 602D170E1E82B23000C53A5E /* HATSystemStatusKindObject.swift */; };
		602D17111E82B23000C53A5E /* HATSystemStatusObject.swift in Sources */ = {isa = PBXBuildFile; fileRef = 602D170F1E82B23000C53A5E /* HATSystemStatusObject.swift */; };
		602D17161E82B23900C53A5E /* HATTwitterDataSocialFeedObject.swift in Sources */ = {isa = PBXBuildFile; fileRef = 602D17121E82B23900C53A5E /* HATTwitterDataSocialFeedObject.swift */; };
		602D17171E82B23900C53A5E /* HATTwitterDataTweetsSocialFeedObject.swift in Sources */ = {isa = PBXBuildFile; fileRef = 602D17131E82B23900C53A5E /* HATTwitterDataTweetsSocialFeedObject.swift */; };
		602D17181E82B23900C53A5E /* HATTwitterDataTweetsUsersSocialFeedObject.swift in Sources */ = {isa = PBXBuildFile; fileRef = 602D17141E82B23900C53A5E /* HATTwitterDataTweetsUsersSocialFeedObject.swift */; };
		602D17191E82B23900C53A5E /* HATTwitterSocialFeedObject.swift in Sources */ = {isa = PBXBuildFile; fileRef = 602D17151E82B23900C53A5E /* HATTwitterSocialFeedObject.swift */; };
		602E4D9B1F01118500C5FF31 /* HATDataOffersService.swift in Sources */ = {isa = PBXBuildFile; fileRef = 602E4D9A1F01118500C5FF31 /* HATDataOffersService.swift */; };
		602E4DA41F0111F400C5FF31 /* DataOfferOwnerObject.swift in Sources */ = {isa = PBXBuildFile; fileRef = 602E4D9E1F0111F400C5FF31 /* DataOfferOwnerObject.swift */; };
		602E4DA51F0111F400C5FF31 /* DataOfferOwnerObject.swift in Sources */ = {isa = PBXBuildFile; fileRef = 602E4D9E1F0111F400C5FF31 /* DataOfferOwnerObject.swift */; };
		602E4DA61F0111F400C5FF31 /* DataOfferObject.swift in Sources */ = {isa = PBXBuildFile; fileRef = 602E4D9F1F0111F400C5FF31 /* DataOfferObject.swift */; };
		602E4DA71F0111F400C5FF31 /* DataOfferObject.swift in Sources */ = {isa = PBXBuildFile; fileRef = 602E4D9F1F0111F400C5FF31 /* DataOfferObject.swift */; };
		602E4DA81F0111F400C5FF31 /* DataOfferRequiredDataDefinitionDataSetsFieldsObject.swift in Sources */ = {isa = PBXBuildFile; fileRef = 602E4DA01F0111F400C5FF31 /* DataOfferRequiredDataDefinitionDataSetsFieldsObject.swift */; };
		602E4DA91F0111F400C5FF31 /* DataOfferRequiredDataDefinitionDataSetsFieldsObject.swift in Sources */ = {isa = PBXBuildFile; fileRef = 602E4DA01F0111F400C5FF31 /* DataOfferRequiredDataDefinitionDataSetsFieldsObject.swift */; };
		602E4DAA1F0111F400C5FF31 /* DataOfferRequiredDataDefinitionDataSetsObject.swift in Sources */ = {isa = PBXBuildFile; fileRef = 602E4DA11F0111F400C5FF31 /* DataOfferRequiredDataDefinitionDataSetsObject.swift */; };
		602E4DAB1F0111F400C5FF31 /* DataOfferRequiredDataDefinitionDataSetsObject.swift in Sources */ = {isa = PBXBuildFile; fileRef = 602E4DA11F0111F400C5FF31 /* DataOfferRequiredDataDefinitionDataSetsObject.swift */; };
		602E4DAC1F0111F400C5FF31 /* DataOfferRequiredDataDefinitionObject.swift in Sources */ = {isa = PBXBuildFile; fileRef = 602E4DA21F0111F400C5FF31 /* DataOfferRequiredDataDefinitionObject.swift */; };
		602E4DAD1F0111F400C5FF31 /* DataOfferRequiredDataDefinitionObject.swift in Sources */ = {isa = PBXBuildFile; fileRef = 602E4DA21F0111F400C5FF31 /* DataOfferRequiredDataDefinitionObject.swift */; };
		602E4DAE1F0111F400C5FF31 /* DataOfferRewardsObject.swift in Sources */ = {isa = PBXBuildFile; fileRef = 602E4DA31F0111F400C5FF31 /* DataOfferRewardsObject.swift */; };
		602E4DAF1F0111F400C5FF31 /* DataOfferRewardsObject.swift in Sources */ = {isa = PBXBuildFile; fileRef = 602E4DA31F0111F400C5FF31 /* DataOfferRewardsObject.swift */; };
		602E4DB11F01187D00C5FF31 /* DataOfferClaimObject.swift in Sources */ = {isa = PBXBuildFile; fileRef = 602E4DB01F01187D00C5FF31 /* DataOfferClaimObject.swift */; };
		602E4DB21F01187D00C5FF31 /* DataOfferClaimObject.swift in Sources */ = {isa = PBXBuildFile; fileRef = 602E4DB01F01187D00C5FF31 /* DataOfferClaimObject.swift */; };
		6041474F1EE1AF64008C9293 /* HATFacebookProfileImageObject.swift in Sources */ = {isa = PBXBuildFile; fileRef = 6041474E1EE1AF64008C9293 /* HATFacebookProfileImageObject.swift */; };
		60444EE71E4B27C5005E4433 /* HAT.framework in Frameworks */ = {isa = PBXBuildFile; fileRef = 60444EDD1E4B27C4005E4433 /* HAT.framework */; };
		60444EEC1E4B27C5005E4433 /* LoginServiceTests.swift in Sources */ = {isa = PBXBuildFile; fileRef = 60444EEB1E4B27C5005E4433 /* LoginServiceTests.swift */; };
		60444EEE1E4B27C5005E4433 /* HAT.h in Headers */ = {isa = PBXBuildFile; fileRef = 60444EE01E4B27C4005E4433 /* HAT.h */; settings = {ATTRIBUTES = (Public, ); }; };
		604EAC0F1EB886EE0084EEC8 /* HATTokenHelper.swift in Sources */ = {isa = PBXBuildFile; fileRef = 604EAC0E1EB886EE0084EEC8 /* HATTokenHelper.swift */; };
		6050BF011ED59BB300984EEF /* HATProfileEducationObject.swift in Sources */ = {isa = PBXBuildFile; fileRef = 6050BF001ED59BB300984EEF /* HATProfileEducationObject.swift */; };
		6050BF031ED59BD400984EEF /* HATProfileRelationshipAndHouseholdObject.swift in Sources */ = {isa = PBXBuildFile; fileRef = 6050BF021ED59BD400984EEF /* HATProfileRelationshipAndHouseholdObject.swift */; };
		6050BF041ED5B2DD00984EEF /* HATProfileEducationObject.swift in Sources */ = {isa = PBXBuildFile; fileRef = 6050BF001ED59BB300984EEF /* HATProfileEducationObject.swift */; };
		6050BF051ED5B2E000984EEF /* HATNationalityObject.swift in Sources */ = {isa = PBXBuildFile; fileRef = 6098205C1ED4694F0036D1B3 /* HATNationalityObject.swift */; };
		6050BF061ED5B2E200984EEF /* HATProfileRelationshipAndHouseholdObject.swift in Sources */ = {isa = PBXBuildFile; fileRef = 6050BF021ED59BD400984EEF /* HATProfileRelationshipAndHouseholdObject.swift */; };
		6050BF071ED5B2E500984EEF /* HATProfileService.swift in Sources */ = {isa = PBXBuildFile; fileRef = 609820591ED452150036D1B3 /* HATProfileService.swift */; };
		6050BF081ED5B2E700984EEF /* HATPhataService.swift in Sources */ = {isa = PBXBuildFile; fileRef = 609820571ED451400036D1B3 /* HATPhataService.swift */; };
		606375A71E534C2400F0D1B1 /* Structures.swift in Sources */ = {isa = PBXBuildFile; fileRef = 606375A61E534C2400F0D1B1 /* Structures.swift */; };
		606375A91E53613D00F0D1B1 /* FacebookServiceTests.swift in Sources */ = {isa = PBXBuildFile; fileRef = 606375A81E53613D00F0D1B1 /* FacebookServiceTests.swift */; };
		606375AB1E536B1500F0D1B1 /* TwitterServiceTests.swift in Sources */ = {isa = PBXBuildFile; fileRef = 606375AA1E536B1500F0D1B1 /* TwitterServiceTests.swift */; };
		606375AD1E536DA300F0D1B1 /* NotableServiceTests.swift in Sources */ = {isa = PBXBuildFile; fileRef = 606375AC1E536DA200F0D1B1 /* NotableServiceTests.swift */; };
		606375AF1E537C7300F0D1B1 /* FormatterHelperTests.swift in Sources */ = {isa = PBXBuildFile; fileRef = 606375AE1E537C7300F0D1B1 /* FormatterHelperTests.swift */; };
		606B55A11F1E6ADB004B5D4D /* DataOfferRewardsCashValueObject.swift in Sources */ = {isa = PBXBuildFile; fileRef = 606B55A01F1E6ADB004B5D4D /* DataOfferRewardsCashValueObject.swift */; };
		606B55A21F1E6B37004B5D4D /* DataOfferRewardsCashValueObject.swift in Sources */ = {isa = PBXBuildFile; fileRef = 606B55A01F1E6ADB004B5D4D /* DataOfferRewardsCashValueObject.swift */; };
		606BBA3B1E546DF000ECBA6B /* DataPlugsServiceTests.swift in Sources */ = {isa = PBXBuildFile; fileRef = 606BBA3A1E546DF000ECBA6B /* DataPlugsServiceTests.swift */; };
		609820581ED451400036D1B3 /* HATPhataService.swift in Sources */ = {isa = PBXBuildFile; fileRef = 609820571ED451400036D1B3 /* HATPhataService.swift */; };
		6098205A1ED452150036D1B3 /* HATProfileService.swift in Sources */ = {isa = PBXBuildFile; fileRef = 609820591ED452150036D1B3 /* HATProfileService.swift */; };
		6098205D1ED4694F0036D1B3 /* HATNationalityObject.swift in Sources */ = {isa = PBXBuildFile; fileRef = 6098205C1ED4694F0036D1B3 /* HATNationalityObject.swift */; };
		60BA45E81E8A7C5700ABB758 /* FileUploadObject.swift in Sources */ = {isa = PBXBuildFile; fileRef = 60BA45E51E8A7C5700ABB758 /* FileUploadObject.swift */; };
		60BA45E91E8A7C5700ABB758 /* FileUploadObjectPermissions.swift in Sources */ = {isa = PBXBuildFile; fileRef = 60BA45E61E8A7C5700ABB758 /* FileUploadObjectPermissions.swift */; };
		60BA45EA1E8A7C5700ABB758 /* FileUploadObjectStatus.swift in Sources */ = {isa = PBXBuildFile; fileRef = 60BA45E71E8A7C5700ABB758 /* FileUploadObjectStatus.swift */; };
		60C463991EE6EA9E00FEC458 /* HATFacebookProfileImageObject.swift in Sources */ = {isa = PBXBuildFile; fileRef = 6041474E1EE1AF64008C9293 /* HATFacebookProfileImageObject.swift */; };
		60CDCBB81EAA620100035882 /* HATProfileObject.swift in Sources */ = {isa = PBXBuildFile; fileRef = 60CDCBB71EAA620100035882 /* HATProfileObject.swift */; };
		60CDCBBC1EAA62D200035882 /* HATProfileDataProfileObject.swift in Sources */ = {isa = PBXBuildFile; fileRef = 60CDCBBB1EAA62D200035882 /* HATProfileDataProfileObject.swift */; };
		60CDCBBE1EAA635700035882 /* HATProfileDataProfileWebsiteObject.swift in Sources */ = {isa = PBXBuildFile; fileRef = 60CDCBBD1EAA635700035882 /* HATProfileDataProfileWebsiteObject.swift */; };
		60CDCBC01EAA637300035882 /* HATProfileDataProfileNickObject.swift in Sources */ = {isa = PBXBuildFile; fileRef = 60CDCBBF1EAA637300035882 /* HATProfileDataProfileNickObject.swift */; };
		60CDCBC21EAA638E00035882 /* HATProfileDataProfilePrimaryEmailObject.swift in Sources */ = {isa = PBXBuildFile; fileRef = 60CDCBC11EAA638E00035882 /* HATProfileDataProfilePrimaryEmailObject.swift */; };
		60CDCBC41EAA63A100035882 /* HATProfileDataProfileYoutubeObject.swift in Sources */ = {isa = PBXBuildFile; fileRef = 60CDCBC31EAA63A100035882 /* HATProfileDataProfileYoutubeObject.swift */; };
		60CDCBC61EAA63BE00035882 /* HATProfileDataProfileAddressGlobalObject.swift in Sources */ = {isa = PBXBuildFile; fileRef = 60CDCBC51EAA63BE00035882 /* HATProfileDataProfileAddressGlobalObject.swift */; };
		60CDCBC81EAA63D000035882 /* HATProfileDataProfileLinkedInObject.swift in Sources */ = {isa = PBXBuildFile; fileRef = 60CDCBC71EAA63D000035882 /* HATProfileDataProfileLinkedInObject.swift */; };
		60CDCBCA1EAA63E200035882 /* HATProfileDataProfileBirthObject.swift in Sources */ = {isa = PBXBuildFile; fileRef = 60CDCBC91EAA63E200035882 /* HATProfileDataProfileBirthObject.swift */; };
		60CDCBCC1EAA63F500035882 /* HATProfileDataProfileHomePhoneObject.swift in Sources */ = {isa = PBXBuildFile; fileRef = 60CDCBCB1EAA63F500035882 /* HATProfileDataProfileHomePhoneObject.swift */; };
		60CDCBCE1EAA640600035882 /* HATProfileDataProfileGoogleObject.swift in Sources */ = {isa = PBXBuildFile; fileRef = 60CDCBCD1EAA640600035882 /* HATProfileDataProfileGoogleObject.swift */; };
		60CDCBD01EAA641800035882 /* HATProfileDataProfileAgeObject.swift in Sources */ = {isa = PBXBuildFile; fileRef = 60CDCBCF1EAA641800035882 /* HATProfileDataProfileAgeObject.swift */; };
		60CDCBD21EAA642800035882 /* HATProfileDataProfilePersonalObject.swift in Sources */ = {isa = PBXBuildFile; fileRef = 60CDCBD11EAA642800035882 /* HATProfileDataProfilePersonalObject.swift */; };
		60CDCBD61EAA644900035882 /* HATProfileDataProfileBlogObject.swift in Sources */ = {isa = PBXBuildFile; fileRef = 60CDCBD51EAA644900035882 /* HATProfileDataProfileBlogObject.swift */; };
		60CDCBD81EAA645500035882 /* HATProfileDataProfileFacebookObject.swift in Sources */ = {isa = PBXBuildFile; fileRef = 60CDCBD71EAA645500035882 /* HATProfileDataProfileFacebookObject.swift */; };
		60CDCBDA1EAA647500035882 /* HATProfileDataProfileAddressDetailObject.swift in Sources */ = {isa = PBXBuildFile; fileRef = 60CDCBD91EAA647500035882 /* HATProfileDataProfileAddressDetailObject.swift */; };
		60CDCBDC1EAA648700035882 /* HATProfileDataProfileEmergencyContactObject.swift in Sources */ = {isa = PBXBuildFile; fileRef = 60CDCBDB1EAA648700035882 /* HATProfileDataProfileEmergencyContactObject.swift */; };
		60CDCBDE1EAA649C00035882 /* HATProfileDataProfileAlternativeEmailObject.swift in Sources */ = {isa = PBXBuildFile; fileRef = 60CDCBDD1EAA649C00035882 /* HATProfileDataProfileAlternativeEmailObject.swift */; };
		60CDCBE01EAA64B700035882 /* HATProfileDataProfileFacebookProfilePhotoObject.swift in Sources */ = {isa = PBXBuildFile; fileRef = 60CDCBDF1EAA64B700035882 /* HATProfileDataProfileFacebookProfilePhotoObject.swift */; };
		60CDCBE21EAA654A00035882 /* HATProfileDataProfileTwitterObject.swift in Sources */ = {isa = PBXBuildFile; fileRef = 60CDCBE11EAA654A00035882 /* HATProfileDataProfileTwitterObject.swift */; };
		60CDCBE41EAA655900035882 /* HATProfileDataProfileMobileObject.swift in Sources */ = {isa = PBXBuildFile; fileRef = 60CDCBE31EAA655900035882 /* HATProfileDataProfileMobileObject.swift */; };
		60CDCBE61EAA656400035882 /* HATProfileDataProfileAboutObject.swift in Sources */ = {isa = PBXBuildFile; fileRef = 60CDCBE51EAA656400035882 /* HATProfileDataProfileAboutObject.swift */; };
		60CDCBE81EAA657100035882 /* HATProfileDataProfileGenderObject.swift in Sources */ = {isa = PBXBuildFile; fileRef = 60CDCBE71EAA657100035882 /* HATProfileDataProfileGenderObject.swift */; };
		60CDCBF21EAB6E0700035882 /* HATProfileObject.swift in Sources */ = {isa = PBXBuildFile; fileRef = 60CDCBB71EAA620100035882 /* HATProfileObject.swift */; };
		60CDCBF41EAB6E0700035882 /* HATProfileDataProfileObject.swift in Sources */ = {isa = PBXBuildFile; fileRef = 60CDCBBB1EAA62D200035882 /* HATProfileDataProfileObject.swift */; };
		60CDCBF51EAB6E0700035882 /* HATProfileDataProfileWebsiteObject.swift in Sources */ = {isa = PBXBuildFile; fileRef = 60CDCBBD1EAA635700035882 /* HATProfileDataProfileWebsiteObject.swift */; };
		60CDCBF61EAB6E0700035882 /* HATProfileDataProfilePrimaryEmailObject.swift in Sources */ = {isa = PBXBuildFile; fileRef = 60CDCBC11EAA638E00035882 /* HATProfileDataProfilePrimaryEmailObject.swift */; };
		60CDCBF71EAB6E0700035882 /* HATProfileDataProfileYoutubeObject.swift in Sources */ = {isa = PBXBuildFile; fileRef = 60CDCBC31EAA63A100035882 /* HATProfileDataProfileYoutubeObject.swift */; };
		60CDCBF81EAB6E0700035882 /* HATProfileDataProfileAddressGlobalObject.swift in Sources */ = {isa = PBXBuildFile; fileRef = 60CDCBC51EAA63BE00035882 /* HATProfileDataProfileAddressGlobalObject.swift */; };
		60CDCBF91EAB6E0700035882 /* HATProfileDataProfileLinkedInObject.swift in Sources */ = {isa = PBXBuildFile; fileRef = 60CDCBC71EAA63D000035882 /* HATProfileDataProfileLinkedInObject.swift */; };
		60CDCBFA1EAB6E0700035882 /* HATProfileDataProfileBirthObject.swift in Sources */ = {isa = PBXBuildFile; fileRef = 60CDCBC91EAA63E200035882 /* HATProfileDataProfileBirthObject.swift */; };
		60CDCBFB1EAB6E0700035882 /* HATProfileDataProfileHomePhoneObject.swift in Sources */ = {isa = PBXBuildFile; fileRef = 60CDCBCB1EAA63F500035882 /* HATProfileDataProfileHomePhoneObject.swift */; };
		60CDCBFC1EAB6E0700035882 /* HATProfileDataProfileGoogleObject.swift in Sources */ = {isa = PBXBuildFile; fileRef = 60CDCBCD1EAA640600035882 /* HATProfileDataProfileGoogleObject.swift */; };
		60CDCBFD1EAB6E0700035882 /* HATProfileDataProfileAgeObject.swift in Sources */ = {isa = PBXBuildFile; fileRef = 60CDCBCF1EAA641800035882 /* HATProfileDataProfileAgeObject.swift */; };
		60CDCBFE1EAB6E0700035882 /* HATProfileDataProfilePersonalObject.swift in Sources */ = {isa = PBXBuildFile; fileRef = 60CDCBD11EAA642800035882 /* HATProfileDataProfilePersonalObject.swift */; };
		60CDCBFF1EAB6E0700035882 /* HATProfileDataProfileBlogObject.swift in Sources */ = {isa = PBXBuildFile; fileRef = 60CDCBD51EAA644900035882 /* HATProfileDataProfileBlogObject.swift */; };
		60CDCC001EAB6E0700035882 /* HATProfileDataProfileFacebookObject.swift in Sources */ = {isa = PBXBuildFile; fileRef = 60CDCBD71EAA645500035882 /* HATProfileDataProfileFacebookObject.swift */; };
		60CDCC011EAB6E0700035882 /* HATProfileDataProfileAddressDetailObject.swift in Sources */ = {isa = PBXBuildFile; fileRef = 60CDCBD91EAA647500035882 /* HATProfileDataProfileAddressDetailObject.swift */; };
		60CDCC021EAB6E0700035882 /* HATProfileDataProfileEmergencyContactObject.swift in Sources */ = {isa = PBXBuildFile; fileRef = 60CDCBDB1EAA648700035882 /* HATProfileDataProfileEmergencyContactObject.swift */; };
		60CDCC031EAB6E0700035882 /* HATProfileDataProfileAlternativeEmailObject.swift in Sources */ = {isa = PBXBuildFile; fileRef = 60CDCBDD1EAA649C00035882 /* HATProfileDataProfileAlternativeEmailObject.swift */; };
		60CDCC041EAB6E0700035882 /* HATProfileDataProfileFacebookProfilePhotoObject.swift in Sources */ = {isa = PBXBuildFile; fileRef = 60CDCBDF1EAA64B700035882 /* HATProfileDataProfileFacebookProfilePhotoObject.swift */; };
		60CDCC051EAB6E0700035882 /* HATProfileDataProfileTwitterObject.swift in Sources */ = {isa = PBXBuildFile; fileRef = 60CDCBE11EAA654A00035882 /* HATProfileDataProfileTwitterObject.swift */; };
		60CDCC061EAB6E0700035882 /* HATProfileDataProfileMobileObject.swift in Sources */ = {isa = PBXBuildFile; fileRef = 60CDCBE31EAA655900035882 /* HATProfileDataProfileMobileObject.swift */; };
		60CDCC071EAB6E0700035882 /* HATProfileDataProfileAboutObject.swift in Sources */ = {isa = PBXBuildFile; fileRef = 60CDCBE51EAA656400035882 /* HATProfileDataProfileAboutObject.swift */; };
		60CDCC081EAB6E0700035882 /* HATProfileDataProfileGenderObject.swift in Sources */ = {isa = PBXBuildFile; fileRef = 60CDCBE71EAA657100035882 /* HATProfileDataProfileGenderObject.swift */; };
		60CDCC091EAB6E0700035882 /* HATProfileDataProfileNickObject.swift in Sources */ = {isa = PBXBuildFile; fileRef = 60CDCBBF1EAA637300035882 /* HATProfileDataProfileNickObject.swift */; };
		60DDBB0A1E82F513007CDAFB /* HATLoginService.swift in Sources */ = {isa = PBXBuildFile; fileRef = 602D16CC1E82B1D700C53A5E /* HATLoginService.swift */; };
		60DDBB0B1E82F523007CDAFB /* HATConstants.swift in Sources */ = {isa = PBXBuildFile; fileRef = 602D16C61E82B1CA00C53A5E /* HATConstants.swift */; };
		60DDBB0C1E82F528007CDAFB /* HATAccountService.swift in Sources */ = {isa = PBXBuildFile; fileRef = 602D16C81E82B1D700C53A5E /* HATAccountService.swift */; };
		60DDBB0D1E82F528007CDAFB /* HATDataPlugsService.swift in Sources */ = {isa = PBXBuildFile; fileRef = 602D16C91E82B1D700C53A5E /* HATDataPlugsService.swift */; };
		60DDBB0E1E82F528007CDAFB /* HATFacebookService.swift in Sources */ = {isa = PBXBuildFile; fileRef = 602D16CA1E82B1D700C53A5E /* HATFacebookService.swift */; };
		60DDBB0F1E82F528007CDAFB /* HATLocationService.swift in Sources */ = {isa = PBXBuildFile; fileRef = 602D16CB1E82B1D700C53A5E /* HATLocationService.swift */; };
		60DDBB101E82F528007CDAFB /* HATNotableService.swift in Sources */ = {isa = PBXBuildFile; fileRef = 602D16CD1E82B1D700C53A5E /* HATNotableService.swift */; };
		60DDBB111E82F528007CDAFB /* HATService.swift in Sources */ = {isa = PBXBuildFile; fileRef = 602D16CE1E82B1D700C53A5E /* HATService.swift */; };
		60DDBB121E82F528007CDAFB /* HATTwitterService.swift in Sources */ = {isa = PBXBuildFile; fileRef = 602D16CF1E82B1D700C53A5E /* HATTwitterService.swift */; };
		60DDBB131E82F52D007CDAFB /* HATNetworkHelper.swift in Sources */ = {isa = PBXBuildFile; fileRef = 602D16D81E82B1E700C53A5E /* HATNetworkHelper.swift */; };
		60DDBB141E82F52D007CDAFB /* HATErrorHelper.swift in Sources */ = {isa = PBXBuildFile; fileRef = 602D16D91E82B1E700C53A5E /* HATErrorHelper.swift */; };
		60DDBB151E82F52D007CDAFB /* HATFormatterHelper.swift in Sources */ = {isa = PBXBuildFile; fileRef = 602D16DA1E82B1E700C53A5E /* HATFormatterHelper.swift */; };
		60DDBB161E82F530007CDAFB /* HATTwitterDataSocialFeedObject.swift in Sources */ = {isa = PBXBuildFile; fileRef = 602D17121E82B23900C53A5E /* HATTwitterDataSocialFeedObject.swift */; };
		60DDBB171E82F530007CDAFB /* HATTwitterDataTweetsSocialFeedObject.swift in Sources */ = {isa = PBXBuildFile; fileRef = 602D17131E82B23900C53A5E /* HATTwitterDataTweetsSocialFeedObject.swift */; };
		60DDBB181E82F530007CDAFB /* HATTwitterDataTweetsUsersSocialFeedObject.swift in Sources */ = {isa = PBXBuildFile; fileRef = 602D17141E82B23900C53A5E /* HATTwitterDataTweetsUsersSocialFeedObject.swift */; };
		60DDBB191E82F530007CDAFB /* HATTwitterSocialFeedObject.swift in Sources */ = {isa = PBXBuildFile; fileRef = 602D17151E82B23900C53A5E /* HATTwitterSocialFeedObject.swift */; };
		60DDBB1A1E82F532007CDAFB /* HATSystemStatusKindObject.swift in Sources */ = {isa = PBXBuildFile; fileRef = 602D170E1E82B23000C53A5E /* HATSystemStatusKindObject.swift */; };
		60DDBB1B1E82F532007CDAFB /* HATSystemStatusObject.swift in Sources */ = {isa = PBXBuildFile; fileRef = 602D170F1E82B23000C53A5E /* HATSystemStatusObject.swift */; };
		60DDBB1C1E82F539007CDAFB /* HATNotesAuthorData.swift in Sources */ = {isa = PBXBuildFile; fileRef = 602D17041E82B22700C53A5E /* HATNotesAuthorData.swift */; };
		60DDBB1D1E82F539007CDAFB /* HATNotesData.swift in Sources */ = {isa = PBXBuildFile; fileRef = 602D17051E82B22700C53A5E /* HATNotesData.swift */; };
		60DDBB1E1E82F539007CDAFB /* HATNotesLocationData.swift in Sources */ = {isa = PBXBuildFile; fileRef = 602D17061E82B22700C53A5E /* HATNotesLocationData.swift */; };
		60DDBB1F1E82F539007CDAFB /* HATNotesNotablesData.swift in Sources */ = {isa = PBXBuildFile; fileRef = 602D17071E82B22700C53A5E /* HATNotesNotablesData.swift */; };
		60DDBB201E82F539007CDAFB /* HATNotesPhotoData.swift in Sources */ = {isa = PBXBuildFile; fileRef = 602D17081E82B22700C53A5E /* HATNotesPhotoData.swift */; };
		60DDBB211E82F53F007CDAFB /* HATLocationsDataLocationsObject.swift in Sources */ = {isa = PBXBuildFile; fileRef = 602D16FE1E82B21E00C53A5E /* HATLocationsDataLocationsObject.swift */; };
		60DDBB221E82F53F007CDAFB /* HATLocationsDataObject.swift in Sources */ = {isa = PBXBuildFile; fileRef = 602D16FF1E82B21E00C53A5E /* HATLocationsDataObject.swift */; };
		60DDBB231E82F53F007CDAFB /* HATLocationsObject.swift in Sources */ = {isa = PBXBuildFile; fileRef = 602D17001E82B21E00C53A5E /* HATLocationsObject.swift */; };
		60DDBB241E82F544007CDAFB /* HATProviderCategoryObject.swift in Sources */ = {isa = PBXBuildFile; fileRef = 602D16F61E82B21300C53A5E /* HATProviderCategoryObject.swift */; };
		60DDBB251E82F544007CDAFB /* HATProviderKindObject.swift in Sources */ = {isa = PBXBuildFile; fileRef = 602D16F71E82B21300C53A5E /* HATProviderKindObject.swift */; };
		60DDBB261E82F544007CDAFB /* HATProviderObject.swift in Sources */ = {isa = PBXBuildFile; fileRef = 602D16F81E82B21300C53A5E /* HATProviderObject.swift */; };
		60DDBB271E82F544007CDAFB /* HATProviderPaymentObject.swift in Sources */ = {isa = PBXBuildFile; fileRef = 602D16F91E82B21300C53A5E /* HATProviderPaymentObject.swift */; };
		60DDBB281E82F548007CDAFB /* HATFacebookDataPostsApplicationSocialFeedObject.swift in Sources */ = {isa = PBXBuildFile; fileRef = 602D16EA1E82B20900C53A5E /* HATFacebookDataPostsApplicationSocialFeedObject.swift */; };
		60DDBB291E82F548007CDAFB /* HATFacebookDataPostsFromSocialFeedObject.swift in Sources */ = {isa = PBXBuildFile; fileRef = 602D16EB1E82B20900C53A5E /* HATFacebookDataPostsFromSocialFeedObject.swift */; };
		60DDBB2A1E82F548007CDAFB /* HATFacebookDataPostsPrivacySocialFeedObject.swift in Sources */ = {isa = PBXBuildFile; fileRef = 602D16EC1E82B20900C53A5E /* HATFacebookDataPostsPrivacySocialFeedObject.swift */; };
		60DDBB2B1E82F548007CDAFB /* HATFacebookDataPostsSocialFeedObject.swift in Sources */ = {isa = PBXBuildFile; fileRef = 602D16ED1E82B20900C53A5E /* HATFacebookDataPostsSocialFeedObject.swift */; };
		60DDBB2C1E82F548007CDAFB /* HATFacebookDataSocialFeedObject.swift in Sources */ = {isa = PBXBuildFile; fileRef = 602D16EE1E82B20900C53A5E /* HATFacebookDataSocialFeedObject.swift */; };
		60DDBB2D1E82F548007CDAFB /* HATFacebookSocialFeedObject.swift in Sources */ = {isa = PBXBuildFile; fileRef = 602D16EF1E82B20900C53A5E /* HATFacebookSocialFeedObject.swift */; };
		60DDBB2E1E82F54C007CDAFB /* HATDataPlugDataDefinitionObject.swift in Sources */ = {isa = PBXBuildFile; fileRef = 602D16E01E82B20000C53A5E /* HATDataPlugDataDefinitionObject.swift */; };
		60DDBB2F1E82F54C007CDAFB /* HATDataPlugDataSetObject.swift in Sources */ = {isa = PBXBuildFile; fileRef = 602D16E11E82B20000C53A5E /* HATDataPlugDataSetObject.swift */; };
		60DDBB301E82F54C007CDAFB /* HATDataPlugObject.swift in Sources */ = {isa = PBXBuildFile; fileRef = 602D16E21E82B20000C53A5E /* HATDataPlugObject.swift */; };
		60DDBB311E82F54C007CDAFB /* HATDataPlugOwnerObject.swift in Sources */ = {isa = PBXBuildFile; fileRef = 602D16E31E82B20000C53A5E /* HATDataPlugOwnerObject.swift */; };
		60DDBB321E82F54C007CDAFB /* HATDataPlugRatingObject.swift in Sources */ = {isa = PBXBuildFile; fileRef = 602D16E41E82B20000C53A5E /* HATDataPlugRatingObject.swift */; };
		60DDBB331E82F54F007CDAFB /* HATSocialFeedObject.swift in Sources */ = {isa = PBXBuildFile; fileRef = 602D16DE1E82B1F600C53A5E /* HATSocialFeedObject.swift */; };
		60E41DD41E853C1D00E3DF60 /* HATJSONHelper.swift in Sources */ = {isa = PBXBuildFile; fileRef = 60E41DD31E853C1D00E3DF60 /* HATJSONHelper.swift */; };
		DAE77631B5EE973DB860751E /* Pods_HAT.framework in Frameworks */ = {isa = PBXBuildFile; fileRef = F5E8BDF19F0511F88B218311 /* Pods_HAT.framework */; };
/* End PBXBuildFile section */

/* Begin PBXContainerItemProxy section */
		60444EE81E4B27C5005E4433 /* PBXContainerItemProxy */ = {
			isa = PBXContainerItemProxy;
			containerPortal = 60444ED41E4B27C4005E4433 /* Project object */;
			proxyType = 1;
			remoteGlobalIDString = 60444EDC1E4B27C4005E4433;
			remoteInfo = HAT;
		};
/* End PBXContainerItemProxy section */

/* Begin PBXFileReference section */
		0F217E04F6A43CBD1160A765 /* Pods-HAT.release.xcconfig */ = {isa = PBXFileReference; includeInIndex = 1; lastKnownFileType = text.xcconfig; name = "Pods-HAT.release.xcconfig"; path = "Pods/Target Support Files/Pods-HAT/Pods-HAT.release.xcconfig"; sourceTree = "<group>"; };
		276A84838AF114846AA6C978 /* Pods_HATTests.framework */ = {isa = PBXFileReference; explicitFileType = wrapper.framework; includeInIndex = 0; path = Pods_HATTests.framework; sourceTree = BUILT_PRODUCTS_DIR; };
		2E35995A09FA50E6E5A67F12 /* Pods-HATTests.release.xcconfig */ = {isa = PBXFileReference; includeInIndex = 1; lastKnownFileType = text.xcconfig; name = "Pods-HATTests.release.xcconfig"; path = "Pods/Target Support Files/Pods-HATTests/Pods-HATTests.release.xcconfig"; sourceTree = "<group>"; };
		2E6B981390ACA28160998321 /* Pods-HATTests.debug.xcconfig */ = {isa = PBXFileReference; includeInIndex = 1; lastKnownFileType = text.xcconfig; name = "Pods-HATTests.debug.xcconfig"; path = "Pods/Target Support Files/Pods-HATTests/Pods-HATTests.debug.xcconfig"; sourceTree = "<group>"; };
		6020A7021E526BBF00D7DC04 /* LocationServiceTests.swift */ = {isa = PBXFileReference; fileEncoding = 4; lastKnownFileType = sourcecode.swift; path = LocationServiceTests.swift; sourceTree = "<group>"; };
		6020A7051E52749700D7DC04 /* HATServiceTests.swift */ = {isa = PBXFileReference; fileEncoding = 4; lastKnownFileType = sourcecode.swift; path = HATServiceTests.swift; sourceTree = "<group>"; };
		6020A7071E52803800D7DC04 /* HATAccountServiceTests.swift */ = {isa = PBXFileReference; fileEncoding = 4; lastKnownFileType = sourcecode.swift; path = HATAccountServiceTests.swift; sourceTree = "<group>"; };
		602CB44B1E8BFC6900903F33 /* HATFileService.swift */ = {isa = PBXFileReference; fileEncoding = 4; lastKnownFileType = sourcecode.swift; path = HATFileService.swift; sourceTree = "<group>"; };
		602D16C61E82B1CA00C53A5E /* HATConstants.swift */ = {isa = PBXFileReference; fileEncoding = 4; lastKnownFileType = sourcecode.swift; path = HATConstants.swift; sourceTree = "<group>"; };
		602D16C81E82B1D700C53A5E /* HATAccountService.swift */ = {isa = PBXFileReference; fileEncoding = 4; lastKnownFileType = sourcecode.swift; path = HATAccountService.swift; sourceTree = "<group>"; };
		602D16C91E82B1D700C53A5E /* HATDataPlugsService.swift */ = {isa = PBXFileReference; fileEncoding = 4; lastKnownFileType = sourcecode.swift; path = HATDataPlugsService.swift; sourceTree = "<group>"; };
		602D16CA1E82B1D700C53A5E /* HATFacebookService.swift */ = {isa = PBXFileReference; fileEncoding = 4; lastKnownFileType = sourcecode.swift; path = HATFacebookService.swift; sourceTree = "<group>"; };
		602D16CB1E82B1D700C53A5E /* HATLocationService.swift */ = {isa = PBXFileReference; fileEncoding = 4; lastKnownFileType = sourcecode.swift; path = HATLocationService.swift; sourceTree = "<group>"; };
		602D16CC1E82B1D700C53A5E /* HATLoginService.swift */ = {isa = PBXFileReference; fileEncoding = 4; lastKnownFileType = sourcecode.swift; path = HATLoginService.swift; sourceTree = "<group>"; };
		602D16CD1E82B1D700C53A5E /* HATNotableService.swift */ = {isa = PBXFileReference; fileEncoding = 4; lastKnownFileType = sourcecode.swift; path = HATNotableService.swift; sourceTree = "<group>"; };
		602D16CE1E82B1D700C53A5E /* HATService.swift */ = {isa = PBXFileReference; fileEncoding = 4; lastKnownFileType = sourcecode.swift; path = HATService.swift; sourceTree = "<group>"; };
		602D16CF1E82B1D700C53A5E /* HATTwitterService.swift */ = {isa = PBXFileReference; fileEncoding = 4; lastKnownFileType = sourcecode.swift; path = HATTwitterService.swift; sourceTree = "<group>"; };
		602D16D81E82B1E700C53A5E /* HATNetworkHelper.swift */ = {isa = PBXFileReference; fileEncoding = 4; lastKnownFileType = sourcecode.swift; path = HATNetworkHelper.swift; sourceTree = "<group>"; };
		602D16D91E82B1E700C53A5E /* HATErrorHelper.swift */ = {isa = PBXFileReference; fileEncoding = 4; lastKnownFileType = sourcecode.swift; path = HATErrorHelper.swift; sourceTree = "<group>"; };
		602D16DA1E82B1E700C53A5E /* HATFormatterHelper.swift */ = {isa = PBXFileReference; fileEncoding = 4; lastKnownFileType = sourcecode.swift; path = HATFormatterHelper.swift; sourceTree = "<group>"; };
		602D16DE1E82B1F600C53A5E /* HATSocialFeedObject.swift */ = {isa = PBXFileReference; fileEncoding = 4; lastKnownFileType = sourcecode.swift; path = HATSocialFeedObject.swift; sourceTree = "<group>"; };
		602D16E01E82B20000C53A5E /* HATDataPlugDataDefinitionObject.swift */ = {isa = PBXFileReference; fileEncoding = 4; lastKnownFileType = sourcecode.swift; path = HATDataPlugDataDefinitionObject.swift; sourceTree = "<group>"; };
		602D16E11E82B20000C53A5E /* HATDataPlugDataSetObject.swift */ = {isa = PBXFileReference; fileEncoding = 4; lastKnownFileType = sourcecode.swift; path = HATDataPlugDataSetObject.swift; sourceTree = "<group>"; };
		602D16E21E82B20000C53A5E /* HATDataPlugObject.swift */ = {isa = PBXFileReference; fileEncoding = 4; lastKnownFileType = sourcecode.swift; path = HATDataPlugObject.swift; sourceTree = "<group>"; };
		602D16E31E82B20000C53A5E /* HATDataPlugOwnerObject.swift */ = {isa = PBXFileReference; fileEncoding = 4; lastKnownFileType = sourcecode.swift; path = HATDataPlugOwnerObject.swift; sourceTree = "<group>"; };
		602D16E41E82B20000C53A5E /* HATDataPlugRatingObject.swift */ = {isa = PBXFileReference; fileEncoding = 4; lastKnownFileType = sourcecode.swift; path = HATDataPlugRatingObject.swift; sourceTree = "<group>"; };
		602D16EA1E82B20900C53A5E /* HATFacebookDataPostsApplicationSocialFeedObject.swift */ = {isa = PBXFileReference; fileEncoding = 4; lastKnownFileType = sourcecode.swift; path = HATFacebookDataPostsApplicationSocialFeedObject.swift; sourceTree = "<group>"; };
		602D16EB1E82B20900C53A5E /* HATFacebookDataPostsFromSocialFeedObject.swift */ = {isa = PBXFileReference; fileEncoding = 4; lastKnownFileType = sourcecode.swift; path = HATFacebookDataPostsFromSocialFeedObject.swift; sourceTree = "<group>"; };
		602D16EC1E82B20900C53A5E /* HATFacebookDataPostsPrivacySocialFeedObject.swift */ = {isa = PBXFileReference; fileEncoding = 4; lastKnownFileType = sourcecode.swift; path = HATFacebookDataPostsPrivacySocialFeedObject.swift; sourceTree = "<group>"; };
		602D16ED1E82B20900C53A5E /* HATFacebookDataPostsSocialFeedObject.swift */ = {isa = PBXFileReference; fileEncoding = 4; lastKnownFileType = sourcecode.swift; path = HATFacebookDataPostsSocialFeedObject.swift; sourceTree = "<group>"; };
		602D16EE1E82B20900C53A5E /* HATFacebookDataSocialFeedObject.swift */ = {isa = PBXFileReference; fileEncoding = 4; lastKnownFileType = sourcecode.swift; path = HATFacebookDataSocialFeedObject.swift; sourceTree = "<group>"; };
		602D16EF1E82B20900C53A5E /* HATFacebookSocialFeedObject.swift */ = {isa = PBXFileReference; fileEncoding = 4; lastKnownFileType = sourcecode.swift; path = HATFacebookSocialFeedObject.swift; sourceTree = "<group>"; };
		602D16F61E82B21300C53A5E /* HATProviderCategoryObject.swift */ = {isa = PBXFileReference; fileEncoding = 4; lastKnownFileType = sourcecode.swift; path = HATProviderCategoryObject.swift; sourceTree = "<group>"; };
		602D16F71E82B21300C53A5E /* HATProviderKindObject.swift */ = {isa = PBXFileReference; fileEncoding = 4; lastKnownFileType = sourcecode.swift; path = HATProviderKindObject.swift; sourceTree = "<group>"; };
		602D16F81E82B21300C53A5E /* HATProviderObject.swift */ = {isa = PBXFileReference; fileEncoding = 4; lastKnownFileType = sourcecode.swift; path = HATProviderObject.swift; sourceTree = "<group>"; };
		602D16F91E82B21300C53A5E /* HATProviderPaymentObject.swift */ = {isa = PBXFileReference; fileEncoding = 4; lastKnownFileType = sourcecode.swift; path = HATProviderPaymentObject.swift; sourceTree = "<group>"; };
		602D16FE1E82B21E00C53A5E /* HATLocationsDataLocationsObject.swift */ = {isa = PBXFileReference; fileEncoding = 4; lastKnownFileType = sourcecode.swift; path = HATLocationsDataLocationsObject.swift; sourceTree = "<group>"; };
		602D16FF1E82B21E00C53A5E /* HATLocationsDataObject.swift */ = {isa = PBXFileReference; fileEncoding = 4; lastKnownFileType = sourcecode.swift; path = HATLocationsDataObject.swift; sourceTree = "<group>"; };
		602D17001E82B21E00C53A5E /* HATLocationsObject.swift */ = {isa = PBXFileReference; fileEncoding = 4; lastKnownFileType = sourcecode.swift; path = HATLocationsObject.swift; sourceTree = "<group>"; };
		602D17041E82B22700C53A5E /* HATNotesAuthorData.swift */ = {isa = PBXFileReference; fileEncoding = 4; lastKnownFileType = sourcecode.swift; path = HATNotesAuthorData.swift; sourceTree = "<group>"; };
		602D17051E82B22700C53A5E /* HATNotesData.swift */ = {isa = PBXFileReference; fileEncoding = 4; lastKnownFileType = sourcecode.swift; path = HATNotesData.swift; sourceTree = "<group>"; };
		602D17061E82B22700C53A5E /* HATNotesLocationData.swift */ = {isa = PBXFileReference; fileEncoding = 4; lastKnownFileType = sourcecode.swift; path = HATNotesLocationData.swift; sourceTree = "<group>"; };
		602D17071E82B22700C53A5E /* HATNotesNotablesData.swift */ = {isa = PBXFileReference; fileEncoding = 4; lastKnownFileType = sourcecode.swift; path = HATNotesNotablesData.swift; sourceTree = "<group>"; };
		602D17081E82B22700C53A5E /* HATNotesPhotoData.swift */ = {isa = PBXFileReference; fileEncoding = 4; lastKnownFileType = sourcecode.swift; path = HATNotesPhotoData.swift; sourceTree = "<group>"; };
		602D170E1E82B23000C53A5E /* HATSystemStatusKindObject.swift */ = {isa = PBXFileReference; fileEncoding = 4; lastKnownFileType = sourcecode.swift; path = HATSystemStatusKindObject.swift; sourceTree = "<group>"; };
		602D170F1E82B23000C53A5E /* HATSystemStatusObject.swift */ = {isa = PBXFileReference; fileEncoding = 4; lastKnownFileType = sourcecode.swift; path = HATSystemStatusObject.swift; sourceTree = "<group>"; };
		602D17121E82B23900C53A5E /* HATTwitterDataSocialFeedObject.swift */ = {isa = PBXFileReference; fileEncoding = 4; lastKnownFileType = sourcecode.swift; path = HATTwitterDataSocialFeedObject.swift; sourceTree = "<group>"; };
		602D17131E82B23900C53A5E /* HATTwitterDataTweetsSocialFeedObject.swift */ = {isa = PBXFileReference; fileEncoding = 4; lastKnownFileType = sourcecode.swift; path = HATTwitterDataTweetsSocialFeedObject.swift; sourceTree = "<group>"; };
		602D17141E82B23900C53A5E /* HATTwitterDataTweetsUsersSocialFeedObject.swift */ = {isa = PBXFileReference; fileEncoding = 4; lastKnownFileType = sourcecode.swift; path = HATTwitterDataTweetsUsersSocialFeedObject.swift; sourceTree = "<group>"; };
		602D17151E82B23900C53A5E /* HATTwitterSocialFeedObject.swift */ = {isa = PBXFileReference; fileEncoding = 4; lastKnownFileType = sourcecode.swift; path = HATTwitterSocialFeedObject.swift; sourceTree = "<group>"; };
		602E4D9A1F01118500C5FF31 /* HATDataOffersService.swift */ = {isa = PBXFileReference; fileEncoding = 4; lastKnownFileType = sourcecode.swift; path = HATDataOffersService.swift; sourceTree = "<group>"; };
		602E4D9E1F0111F400C5FF31 /* DataOfferOwnerObject.swift */ = {isa = PBXFileReference; fileEncoding = 4; lastKnownFileType = sourcecode.swift; path = DataOfferOwnerObject.swift; sourceTree = "<group>"; };
		602E4D9F1F0111F400C5FF31 /* DataOfferObject.swift */ = {isa = PBXFileReference; fileEncoding = 4; lastKnownFileType = sourcecode.swift; path = DataOfferObject.swift; sourceTree = "<group>"; };
		602E4DA01F0111F400C5FF31 /* DataOfferRequiredDataDefinitionDataSetsFieldsObject.swift */ = {isa = PBXFileReference; fileEncoding = 4; lastKnownFileType = sourcecode.swift; path = DataOfferRequiredDataDefinitionDataSetsFieldsObject.swift; sourceTree = "<group>"; };
		602E4DA11F0111F400C5FF31 /* DataOfferRequiredDataDefinitionDataSetsObject.swift */ = {isa = PBXFileReference; fileEncoding = 4; lastKnownFileType = sourcecode.swift; path = DataOfferRequiredDataDefinitionDataSetsObject.swift; sourceTree = "<group>"; };
		602E4DA21F0111F400C5FF31 /* DataOfferRequiredDataDefinitionObject.swift */ = {isa = PBXFileReference; fileEncoding = 4; lastKnownFileType = sourcecode.swift; path = DataOfferRequiredDataDefinitionObject.swift; sourceTree = "<group>"; };
		602E4DA31F0111F400C5FF31 /* DataOfferRewardsObject.swift */ = {isa = PBXFileReference; fileEncoding = 4; lastKnownFileType = sourcecode.swift; path = DataOfferRewardsObject.swift; sourceTree = "<group>"; };
		602E4DB01F01187D00C5FF31 /* DataOfferClaimObject.swift */ = {isa = PBXFileReference; fileEncoding = 4; lastKnownFileType = sourcecode.swift; path = DataOfferClaimObject.swift; sourceTree = "<group>"; };
		6041474E1EE1AF64008C9293 /* HATFacebookProfileImageObject.swift */ = {isa = PBXFileReference; fileEncoding = 4; lastKnownFileType = sourcecode.swift; path = HATFacebookProfileImageObject.swift; sourceTree = "<group>"; };
		60444EDD1E4B27C4005E4433 /* HAT.framework */ = {isa = PBXFileReference; explicitFileType = wrapper.framework; includeInIndex = 0; path = HAT.framework; sourceTree = BUILT_PRODUCTS_DIR; };
		60444EE01E4B27C4005E4433 /* HAT.h */ = {isa = PBXFileReference; lastKnownFileType = sourcecode.c.h; path = HAT.h; sourceTree = "<group>"; };
		60444EE11E4B27C4005E4433 /* Info.plist */ = {isa = PBXFileReference; lastKnownFileType = text.plist.xml; path = Info.plist; sourceTree = "<group>"; };
		60444EE61E4B27C5005E4433 /* HATTests.xctest */ = {isa = PBXFileReference; explicitFileType = wrapper.cfbundle; includeInIndex = 0; path = HATTests.xctest; sourceTree = BUILT_PRODUCTS_DIR; };
		60444EEB1E4B27C5005E4433 /* LoginServiceTests.swift */ = {isa = PBXFileReference; lastKnownFileType = sourcecode.swift; path = LoginServiceTests.swift; sourceTree = "<group>"; };
		60444EED1E4B27C5005E4433 /* Info.plist */ = {isa = PBXFileReference; lastKnownFileType = text.plist.xml; path = Info.plist; sourceTree = "<group>"; };
		604EAC0E1EB886EE0084EEC8 /* HATTokenHelper.swift */ = {isa = PBXFileReference; fileEncoding = 4; lastKnownFileType = sourcecode.swift; path = HATTokenHelper.swift; sourceTree = "<group>"; };
		6050BF001ED59BB300984EEF /* HATProfileEducationObject.swift */ = {isa = PBXFileReference; fileEncoding = 4; lastKnownFileType = sourcecode.swift; path = HATProfileEducationObject.swift; sourceTree = "<group>"; };
		6050BF021ED59BD400984EEF /* HATProfileRelationshipAndHouseholdObject.swift */ = {isa = PBXFileReference; fileEncoding = 4; lastKnownFileType = sourcecode.swift; path = HATProfileRelationshipAndHouseholdObject.swift; sourceTree = "<group>"; };
		606375A61E534C2400F0D1B1 /* Structures.swift */ = {isa = PBXFileReference; fileEncoding = 4; lastKnownFileType = sourcecode.swift; path = Structures.swift; sourceTree = "<group>"; };
		606375A81E53613D00F0D1B1 /* FacebookServiceTests.swift */ = {isa = PBXFileReference; fileEncoding = 4; lastKnownFileType = sourcecode.swift; path = FacebookServiceTests.swift; sourceTree = "<group>"; };
		606375AA1E536B1500F0D1B1 /* TwitterServiceTests.swift */ = {isa = PBXFileReference; fileEncoding = 4; lastKnownFileType = sourcecode.swift; path = TwitterServiceTests.swift; sourceTree = "<group>"; };
		606375AC1E536DA200F0D1B1 /* NotableServiceTests.swift */ = {isa = PBXFileReference; fileEncoding = 4; lastKnownFileType = sourcecode.swift; path = NotableServiceTests.swift; sourceTree = "<group>"; };
		606375AE1E537C7300F0D1B1 /* FormatterHelperTests.swift */ = {isa = PBXFileReference; fileEncoding = 4; lastKnownFileType = sourcecode.swift; path = FormatterHelperTests.swift; sourceTree = "<group>"; };
		606B55A01F1E6ADB004B5D4D /* DataOfferRewardsCashValueObject.swift */ = {isa = PBXFileReference; fileEncoding = 4; lastKnownFileType = sourcecode.swift; path = DataOfferRewardsCashValueObject.swift; sourceTree = "<group>"; };
		606BBA3A1E546DF000ECBA6B /* DataPlugsServiceTests.swift */ = {isa = PBXFileReference; fileEncoding = 4; lastKnownFileType = sourcecode.swift; path = DataPlugsServiceTests.swift; sourceTree = "<group>"; };
		609820571ED451400036D1B3 /* HATPhataService.swift */ = {isa = PBXFileReference; fileEncoding = 4; lastKnownFileType = sourcecode.swift; path = HATPhataService.swift; sourceTree = "<group>"; };
		609820591ED452150036D1B3 /* HATProfileService.swift */ = {isa = PBXFileReference; fileEncoding = 4; lastKnownFileType = sourcecode.swift; path = HATProfileService.swift; sourceTree = "<group>"; };
		6098205C1ED4694F0036D1B3 /* HATNationalityObject.swift */ = {isa = PBXFileReference; fileEncoding = 4; lastKnownFileType = sourcecode.swift; path = HATNationalityObject.swift; sourceTree = "<group>"; };
		60BA45E51E8A7C5700ABB758 /* FileUploadObject.swift */ = {isa = PBXFileReference; fileEncoding = 4; lastKnownFileType = sourcecode.swift; path = FileUploadObject.swift; sourceTree = "<group>"; };
		60BA45E61E8A7C5700ABB758 /* FileUploadObjectPermissions.swift */ = {isa = PBXFileReference; fileEncoding = 4; lastKnownFileType = sourcecode.swift; path = FileUploadObjectPermissions.swift; sourceTree = "<group>"; };
		60BA45E71E8A7C5700ABB758 /* FileUploadObjectStatus.swift */ = {isa = PBXFileReference; fileEncoding = 4; lastKnownFileType = sourcecode.swift; path = FileUploadObjectStatus.swift; sourceTree = "<group>"; };
		60CDCBB71EAA620100035882 /* HATProfileObject.swift */ = {isa = PBXFileReference; fileEncoding = 4; lastKnownFileType = sourcecode.swift; path = HATProfileObject.swift; sourceTree = "<group>"; };
		60CDCBBB1EAA62D200035882 /* HATProfileDataProfileObject.swift */ = {isa = PBXFileReference; fileEncoding = 4; lastKnownFileType = sourcecode.swift; path = HATProfileDataProfileObject.swift; sourceTree = "<group>"; };
		60CDCBBD1EAA635700035882 /* HATProfileDataProfileWebsiteObject.swift */ = {isa = PBXFileReference; fileEncoding = 4; lastKnownFileType = sourcecode.swift; path = HATProfileDataProfileWebsiteObject.swift; sourceTree = "<group>"; };
		60CDCBBF1EAA637300035882 /* HATProfileDataProfileNickObject.swift */ = {isa = PBXFileReference; fileEncoding = 4; lastKnownFileType = sourcecode.swift; path = HATProfileDataProfileNickObject.swift; sourceTree = "<group>"; };
		60CDCBC11EAA638E00035882 /* HATProfileDataProfilePrimaryEmailObject.swift */ = {isa = PBXFileReference; fileEncoding = 4; lastKnownFileType = sourcecode.swift; path = HATProfileDataProfilePrimaryEmailObject.swift; sourceTree = "<group>"; };
		60CDCBC31EAA63A100035882 /* HATProfileDataProfileYoutubeObject.swift */ = {isa = PBXFileReference; fileEncoding = 4; lastKnownFileType = sourcecode.swift; path = HATProfileDataProfileYoutubeObject.swift; sourceTree = "<group>"; };
		60CDCBC51EAA63BE00035882 /* HATProfileDataProfileAddressGlobalObject.swift */ = {isa = PBXFileReference; fileEncoding = 4; lastKnownFileType = sourcecode.swift; path = HATProfileDataProfileAddressGlobalObject.swift; sourceTree = "<group>"; };
		60CDCBC71EAA63D000035882 /* HATProfileDataProfileLinkedInObject.swift */ = {isa = PBXFileReference; fileEncoding = 4; lastKnownFileType = sourcecode.swift; path = HATProfileDataProfileLinkedInObject.swift; sourceTree = "<group>"; };
		60CDCBC91EAA63E200035882 /* HATProfileDataProfileBirthObject.swift */ = {isa = PBXFileReference; fileEncoding = 4; lastKnownFileType = sourcecode.swift; path = HATProfileDataProfileBirthObject.swift; sourceTree = "<group>"; };
		60CDCBCB1EAA63F500035882 /* HATProfileDataProfileHomePhoneObject.swift */ = {isa = PBXFileReference; fileEncoding = 4; lastKnownFileType = sourcecode.swift; path = HATProfileDataProfileHomePhoneObject.swift; sourceTree = "<group>"; };
		60CDCBCD1EAA640600035882 /* HATProfileDataProfileGoogleObject.swift */ = {isa = PBXFileReference; fileEncoding = 4; lastKnownFileType = sourcecode.swift; path = HATProfileDataProfileGoogleObject.swift; sourceTree = "<group>"; };
		60CDCBCF1EAA641800035882 /* HATProfileDataProfileAgeObject.swift */ = {isa = PBXFileReference; fileEncoding = 4; lastKnownFileType = sourcecode.swift; path = HATProfileDataProfileAgeObject.swift; sourceTree = "<group>"; };
		60CDCBD11EAA642800035882 /* HATProfileDataProfilePersonalObject.swift */ = {isa = PBXFileReference; fileEncoding = 4; lastKnownFileType = sourcecode.swift; path = HATProfileDataProfilePersonalObject.swift; sourceTree = "<group>"; };
		60CDCBD51EAA644900035882 /* HATProfileDataProfileBlogObject.swift */ = {isa = PBXFileReference; fileEncoding = 4; lastKnownFileType = sourcecode.swift; path = HATProfileDataProfileBlogObject.swift; sourceTree = "<group>"; };
		60CDCBD71EAA645500035882 /* HATProfileDataProfileFacebookObject.swift */ = {isa = PBXFileReference; fileEncoding = 4; lastKnownFileType = sourcecode.swift; path = HATProfileDataProfileFacebookObject.swift; sourceTree = "<group>"; };
		60CDCBD91EAA647500035882 /* HATProfileDataProfileAddressDetailObject.swift */ = {isa = PBXFileReference; fileEncoding = 4; lastKnownFileType = sourcecode.swift; path = HATProfileDataProfileAddressDetailObject.swift; sourceTree = "<group>"; };
		60CDCBDB1EAA648700035882 /* HATProfileDataProfileEmergencyContactObject.swift */ = {isa = PBXFileReference; fileEncoding = 4; lastKnownFileType = sourcecode.swift; path = HATProfileDataProfileEmergencyContactObject.swift; sourceTree = "<group>"; };
		60CDCBDD1EAA649C00035882 /* HATProfileDataProfileAlternativeEmailObject.swift */ = {isa = PBXFileReference; fileEncoding = 4; lastKnownFileType = sourcecode.swift; path = HATProfileDataProfileAlternativeEmailObject.swift; sourceTree = "<group>"; };
		60CDCBDF1EAA64B700035882 /* HATProfileDataProfileFacebookProfilePhotoObject.swift */ = {isa = PBXFileReference; fileEncoding = 4; lastKnownFileType = sourcecode.swift; path = HATProfileDataProfileFacebookProfilePhotoObject.swift; sourceTree = "<group>"; };
		60CDCBE11EAA654A00035882 /* HATProfileDataProfileTwitterObject.swift */ = {isa = PBXFileReference; fileEncoding = 4; lastKnownFileType = sourcecode.swift; path = HATProfileDataProfileTwitterObject.swift; sourceTree = "<group>"; };
		60CDCBE31EAA655900035882 /* HATProfileDataProfileMobileObject.swift */ = {isa = PBXFileReference; fileEncoding = 4; lastKnownFileType = sourcecode.swift; path = HATProfileDataProfileMobileObject.swift; sourceTree = "<group>"; };
		60CDCBE51EAA656400035882 /* HATProfileDataProfileAboutObject.swift */ = {isa = PBXFileReference; fileEncoding = 4; lastKnownFileType = sourcecode.swift; path = HATProfileDataProfileAboutObject.swift; sourceTree = "<group>"; };
		60CDCBE71EAA657100035882 /* HATProfileDataProfileGenderObject.swift */ = {isa = PBXFileReference; fileEncoding = 4; lastKnownFileType = sourcecode.swift; path = HATProfileDataProfileGenderObject.swift; sourceTree = "<group>"; };
		60E41DD31E853C1D00E3DF60 /* HATJSONHelper.swift */ = {isa = PBXFileReference; fileEncoding = 4; lastKnownFileType = sourcecode.swift; path = HATJSONHelper.swift; sourceTree = "<group>"; };
		EA7AEE7D6190163453BCF60C /* Pods-HAT.debug.xcconfig */ = {isa = PBXFileReference; includeInIndex = 1; lastKnownFileType = text.xcconfig; name = "Pods-HAT.debug.xcconfig"; path = "Pods/Target Support Files/Pods-HAT/Pods-HAT.debug.xcconfig"; sourceTree = "<group>"; };
		F5E8BDF19F0511F88B218311 /* Pods_HAT.framework */ = {isa = PBXFileReference; explicitFileType = wrapper.framework; includeInIndex = 0; path = Pods_HAT.framework; sourceTree = BUILT_PRODUCTS_DIR; };
/* End PBXFileReference section */

/* Begin PBXFrameworksBuildPhase section */
		60444ED91E4B27C4005E4433 /* Frameworks */ = {
			isa = PBXFrameworksBuildPhase;
			buildActionMask = 2147483647;
			files = (
				DAE77631B5EE973DB860751E /* Pods_HAT.framework in Frameworks */,
			);
			runOnlyForDeploymentPostprocessing = 0;
		};
		60444EE31E4B27C5005E4433 /* Frameworks */ = {
			isa = PBXFrameworksBuildPhase;
			buildActionMask = 2147483647;
			files = (
				60444EE71E4B27C5005E4433 /* HAT.framework in Frameworks */,
				379C91CDBA516AF1B61C086D /* Pods_HATTests.framework in Frameworks */,
			);
			runOnlyForDeploymentPostprocessing = 0;
		};
/* End PBXFrameworksBuildPhase section */

/* Begin PBXGroup section */
		5AE59415FC61321AE461CBEB /* Frameworks */ = {
			isa = PBXGroup;
			children = (
				F5E8BDF19F0511F88B218311 /* Pods_HAT.framework */,
				276A84838AF114846AA6C978 /* Pods_HATTests.framework */,
			);
			name = Frameworks;
			sourceTree = "<group>";
		};
		601691081E4B4B7C00505E8D /* Services */ = {
			isa = PBXGroup;
			children = (
				602D16C81E82B1D700C53A5E /* HATAccountService.swift */,
				602E4D9A1F01118500C5FF31 /* HATDataOffersService.swift */,
				602D16C91E82B1D700C53A5E /* HATDataPlugsService.swift */,
				602D16CA1E82B1D700C53A5E /* HATFacebookService.swift */,
				602CB44B1E8BFC6900903F33 /* HATFileService.swift */,
				602D16CB1E82B1D700C53A5E /* HATLocationService.swift */,
				602D16CC1E82B1D700C53A5E /* HATLoginService.swift */,
				602D16CD1E82B1D700C53A5E /* HATNotableService.swift */,
				609820571ED451400036D1B3 /* HATPhataService.swift */,
				609820591ED452150036D1B3 /* HATProfileService.swift */,
				602D16CE1E82B1D700C53A5E /* HATService.swift */,
				602D16CF1E82B1D700C53A5E /* HATTwitterService.swift */,
			);
			path = Services;
			sourceTree = "<group>";
		};
		601691091E4B4B8400505E8D /* Helpers */ = {
			isa = PBXGroup;
			children = (
				602D16D91E82B1E700C53A5E /* HATErrorHelper.swift */,
				602D16DA1E82B1E700C53A5E /* HATFormatterHelper.swift */,
				60E41DD31E853C1D00E3DF60 /* HATJSONHelper.swift */,
				602D16D81E82B1E700C53A5E /* HATNetworkHelper.swift */,
				604EAC0E1EB886EE0084EEC8 /* HATTokenHelper.swift */,
			);
			path = Helpers;
			sourceTree = "<group>";
		};
		6016910A1E4B4B8900505E8D /* Objects */ = {
			isa = PBXGroup;
			children = (
				602E4D9D1F0111DA00C5FF31 /* Data Offers */,
				606BBA2F1E54546700ECBA6B /* Data Plugs */,
				601691241E4B6AE600505E8D /* Facebook */,
				60BA45DE1E8A7BB100ABB758 /* File Upload Object */,
				60E267921E54ADCD00B6D626 /* HAT Provider */,
				60275BA61E6ECC0D0098B66C /* Locations */,
				601691351E4B766100505E8D /* Notes */,
				60CDCBB61EAA61DB00035882 /* Phata */,
				6050BEFD1ED59B0100984EEF /* Profile */,
				60275BA11E6ECBF70098B66C /* SystemStatus */,
				601691231E4B6AD300505E8D /* Twitter */,
				602D16DE1E82B1F600C53A5E /* HATSocialFeedObject.swift */,
			);
			path = Objects;
			sourceTree = "<group>";
		};
		601691231E4B6AD300505E8D /* Twitter */ = {
			isa = PBXGroup;
			children = (
				602D17121E82B23900C53A5E /* HATTwitterDataSocialFeedObject.swift */,
				602D17131E82B23900C53A5E /* HATTwitterDataTweetsSocialFeedObject.swift */,
				602D17141E82B23900C53A5E /* HATTwitterDataTweetsUsersSocialFeedObject.swift */,
				602D17151E82B23900C53A5E /* HATTwitterSocialFeedObject.swift */,
			);
			path = Twitter;
			sourceTree = "<group>";
		};
		601691241E4B6AE600505E8D /* Facebook */ = {
			isa = PBXGroup;
			children = (
				6041474C1EE1AF35008C9293 /* Posts */,
				6041474D1EE1AF48008C9293 /* Profile Image */,
			);
			path = Facebook;
			sourceTree = "<group>";
		};
		601691351E4B766100505E8D /* Notes */ = {
			isa = PBXGroup;
			children = (
				602D17041E82B22700C53A5E /* HATNotesAuthorData.swift */,
				602D17051E82B22700C53A5E /* HATNotesData.swift */,
				602D17061E82B22700C53A5E /* HATNotesLocationData.swift */,
				602D17071E82B22700C53A5E /* HATNotesNotablesData.swift */,
				602D17081E82B22700C53A5E /* HATNotesPhotoData.swift */,
			);
			path = Notes;
			sourceTree = "<group>";
		};
		60275BA11E6ECBF70098B66C /* SystemStatus */ = {
			isa = PBXGroup;
			children = (
				602D170E1E82B23000C53A5E /* HATSystemStatusKindObject.swift */,
				602D170F1E82B23000C53A5E /* HATSystemStatusObject.swift */,
			);
			path = SystemStatus;
			sourceTree = "<group>";
		};
		60275BA61E6ECC0D0098B66C /* Locations */ = {
			isa = PBXGroup;
			children = (
				602D16FE1E82B21E00C53A5E /* HATLocationsDataLocationsObject.swift */,
				602D16FF1E82B21E00C53A5E /* HATLocationsDataObject.swift */,
				602D17001E82B21E00C53A5E /* HATLocationsObject.swift */,
			);
			path = Locations;
			sourceTree = "<group>";
		};
		602E4D9D1F0111DA00C5FF31 /* Data Offers */ = {
			isa = PBXGroup;
			children = (
				602E4DB01F01187D00C5FF31 /* DataOfferClaimObject.swift */,
				602E4D9F1F0111F400C5FF31 /* DataOfferObject.swift */,
				602E4D9E1F0111F400C5FF31 /* DataOfferOwnerObject.swift */,
				602E4DA01F0111F400C5FF31 /* DataOfferRequiredDataDefinitionDataSetsFieldsObject.swift */,
				602E4DA11F0111F400C5FF31 /* DataOfferRequiredDataDefinitionDataSetsObject.swift */,
				602E4DA21F0111F400C5FF31 /* DataOfferRequiredDataDefinitionObject.swift */,
				602E4DA31F0111F400C5FF31 /* DataOfferRewardsObject.swift */,
				606B55A01F1E6ADB004B5D4D /* DataOfferRewardsCashValueObject.swift */,
			);
			path = "Data Offers";
			sourceTree = "<group>";
		};
		6041474C1EE1AF35008C9293 /* Posts */ = {
			isa = PBXGroup;
			children = (
				602D16EA1E82B20900C53A5E /* HATFacebookDataPostsApplicationSocialFeedObject.swift */,
				602D16EB1E82B20900C53A5E /* HATFacebookDataPostsFromSocialFeedObject.swift */,
				602D16EC1E82B20900C53A5E /* HATFacebookDataPostsPrivacySocialFeedObject.swift */,
				602D16ED1E82B20900C53A5E /* HATFacebookDataPostsSocialFeedObject.swift */,
				602D16EE1E82B20900C53A5E /* HATFacebookDataSocialFeedObject.swift */,
				602D16EF1E82B20900C53A5E /* HATFacebookSocialFeedObject.swift */,
			);
			path = Posts;
			sourceTree = "<group>";
		};
		6041474D1EE1AF48008C9293 /* Profile Image */ = {
			isa = PBXGroup;
			children = (
				6041474E1EE1AF64008C9293 /* HATFacebookProfileImageObject.swift */,
			);
			path = "Profile Image";
			sourceTree = "<group>";
		};
		60444ED31E4B27C4005E4433 = {
			isa = PBXGroup;
			children = (
				5AE59415FC61321AE461CBEB /* Frameworks */,
				60444EDF1E4B27C4005E4433 /* HAT */,
				60444EEA1E4B27C5005E4433 /* HATTests */,
				816EE3D833FB170DB1D6AA4E /* Pods */,
				60444EDE1E4B27C4005E4433 /* Products */,
			);
			sourceTree = "<group>";
		};
		60444EDE1E4B27C4005E4433 /* Products */ = {
			isa = PBXGroup;
			children = (
				60444EDD1E4B27C4005E4433 /* HAT.framework */,
				60444EE61E4B27C5005E4433 /* HATTests.xctest */,
			);
			name = Products;
			sourceTree = "<group>";
		};
		60444EDF1E4B27C4005E4433 /* HAT */ = {
			isa = PBXGroup;
			children = (
				601691091E4B4B8400505E8D /* Helpers */,
				6016910A1E4B4B8900505E8D /* Objects */,
				601691081E4B4B7C00505E8D /* Services */,
				60444EE01E4B27C4005E4433 /* HAT.h */,
				602D16C61E82B1CA00C53A5E /* HATConstants.swift */,
				60444EE11E4B27C4005E4433 /* Info.plist */,
			);
			path = HAT;
			sourceTree = "<group>";
		};
		60444EEA1E4B27C5005E4433 /* HATTests */ = {
			isa = PBXGroup;
			children = (
				606BBA3A1E546DF000ECBA6B /* DataPlugsServiceTests.swift */,
				606375A81E53613D00F0D1B1 /* FacebookServiceTests.swift */,
				606375AE1E537C7300F0D1B1 /* FormatterHelperTests.swift */,
				6020A7071E52803800D7DC04 /* HATAccountServiceTests.swift */,
				6020A7051E52749700D7DC04 /* HATServiceTests.swift */,
				60444EED1E4B27C5005E4433 /* Info.plist */,
				6020A7021E526BBF00D7DC04 /* LocationServiceTests.swift */,
				60444EEB1E4B27C5005E4433 /* LoginServiceTests.swift */,
				606375AC1E536DA200F0D1B1 /* NotableServiceTests.swift */,
				606375A61E534C2400F0D1B1 /* Structures.swift */,
				606375AA1E536B1500F0D1B1 /* TwitterServiceTests.swift */,
			);
			path = HATTests;
			sourceTree = "<group>";
		};
		6050BEFD1ED59B0100984EEF /* Profile */ = {
			isa = PBXGroup;
			children = (
				6050BEFF1ED59B8500984EEF /* Education */,
				6098205B1ED469340036D1B3 /* Nationality */,
				6050BEFE1ED59B6B00984EEF /* Relationship and Household */,
			);
			path = Profile;
			sourceTree = "<group>";
		};
		6050BEFE1ED59B6B00984EEF /* Relationship and Household */ = {
			isa = PBXGroup;
			children = (
				6050BF021ED59BD400984EEF /* HATProfileRelationshipAndHouseholdObject.swift */,
			);
			path = "Relationship and Household";
			sourceTree = "<group>";
		};
		6050BEFF1ED59B8500984EEF /* Education */ = {
			isa = PBXGroup;
			children = (
				6050BF001ED59BB300984EEF /* HATProfileEducationObject.swift */,
			);
			path = Education;
			sourceTree = "<group>";
		};
		606BBA2F1E54546700ECBA6B /* Data Plugs */ = {
			isa = PBXGroup;
			children = (
				602D16E01E82B20000C53A5E /* HATDataPlugDataDefinitionObject.swift */,
				602D16E11E82B20000C53A5E /* HATDataPlugDataSetObject.swift */,
				602D16E21E82B20000C53A5E /* HATDataPlugObject.swift */,
				602D16E31E82B20000C53A5E /* HATDataPlugOwnerObject.swift */,
				602D16E41E82B20000C53A5E /* HATDataPlugRatingObject.swift */,
			);
			path = "Data Plugs";
			sourceTree = "<group>";
		};
		6098205B1ED469340036D1B3 /* Nationality */ = {
			isa = PBXGroup;
			children = (
				6098205C1ED4694F0036D1B3 /* HATNationalityObject.swift */,
			);
			path = Nationality;
			sourceTree = "<group>";
		};
		60BA45DE1E8A7BB100ABB758 /* File Upload Object */ = {
			isa = PBXGroup;
			children = (
				60BA45E51E8A7C5700ABB758 /* FileUploadObject.swift */,
				60BA45E61E8A7C5700ABB758 /* FileUploadObjectPermissions.swift */,
				60BA45E71E8A7C5700ABB758 /* FileUploadObjectStatus.swift */,
			);
			path = "File Upload Object";
			sourceTree = "<group>";
		};
		60CDCBB61EAA61DB00035882 /* Phata */ = {
			isa = PBXGroup;
			children = (
				60CDCBE51EAA656400035882 /* HATProfileDataProfileAboutObject.swift */,
				60CDCBD91EAA647500035882 /* HATProfileDataProfileAddressDetailObject.swift */,
				60CDCBC51EAA63BE00035882 /* HATProfileDataProfileAddressGlobalObject.swift */,
				60CDCBCF1EAA641800035882 /* HATProfileDataProfileAgeObject.swift */,
				60CDCBDD1EAA649C00035882 /* HATProfileDataProfileAlternativeEmailObject.swift */,
				60CDCBC91EAA63E200035882 /* HATProfileDataProfileBirthObject.swift */,
				60CDCBD51EAA644900035882 /* HATProfileDataProfileBlogObject.swift */,
				60CDCBDB1EAA648700035882 /* HATProfileDataProfileEmergencyContactObject.swift */,
				60CDCBD71EAA645500035882 /* HATProfileDataProfileFacebookObject.swift */,
				60CDCBDF1EAA64B700035882 /* HATProfileDataProfileFacebookProfilePhotoObject.swift */,
				60CDCBE71EAA657100035882 /* HATProfileDataProfileGenderObject.swift */,
				60CDCBCD1EAA640600035882 /* HATProfileDataProfileGoogleObject.swift */,
				60CDCBCB1EAA63F500035882 /* HATProfileDataProfileHomePhoneObject.swift */,
				60CDCBC71EAA63D000035882 /* HATProfileDataProfileLinkedInObject.swift */,
				60CDCBE31EAA655900035882 /* HATProfileDataProfileMobileObject.swift */,
				60CDCBBF1EAA637300035882 /* HATProfileDataProfileNickObject.swift */,
				60CDCBBB1EAA62D200035882 /* HATProfileDataProfileObject.swift */,
				60CDCBD11EAA642800035882 /* HATProfileDataProfilePersonalObject.swift */,
				60CDCBC11EAA638E00035882 /* HATProfileDataProfilePrimaryEmailObject.swift */,
				60CDCBE11EAA654A00035882 /* HATProfileDataProfileTwitterObject.swift */,
				60CDCBBD1EAA635700035882 /* HATProfileDataProfileWebsiteObject.swift */,
				60CDCBC31EAA63A100035882 /* HATProfileDataProfileYoutubeObject.swift */,
				60CDCBB71EAA620100035882 /* HATProfileObject.swift */,
			);
			path = Phata;
			sourceTree = "<group>";
		};
		60E267921E54ADCD00B6D626 /* HAT Provider */ = {
			isa = PBXGroup;
			children = (
				602D16F61E82B21300C53A5E /* HATProviderCategoryObject.swift */,
				602D16F71E82B21300C53A5E /* HATProviderKindObject.swift */,
				602D16F81E82B21300C53A5E /* HATProviderObject.swift */,
				602D16F91E82B21300C53A5E /* HATProviderPaymentObject.swift */,
			);
			path = "HAT Provider";
			sourceTree = "<group>";
		};
		816EE3D833FB170DB1D6AA4E /* Pods */ = {
			isa = PBXGroup;
			children = (
				EA7AEE7D6190163453BCF60C /* Pods-HAT.debug.xcconfig */,
				0F217E04F6A43CBD1160A765 /* Pods-HAT.release.xcconfig */,
				2E6B981390ACA28160998321 /* Pods-HATTests.debug.xcconfig */,
				2E35995A09FA50E6E5A67F12 /* Pods-HATTests.release.xcconfig */,
			);
			name = Pods;
			sourceTree = "<group>";
		};
/* End PBXGroup section */

/* Begin PBXHeadersBuildPhase section */
		60444EDA1E4B27C4005E4433 /* Headers */ = {
			isa = PBXHeadersBuildPhase;
			buildActionMask = 2147483647;
			files = (
				60444EEE1E4B27C5005E4433 /* HAT.h in Headers */,
			);
			runOnlyForDeploymentPostprocessing = 0;
		};
/* End PBXHeadersBuildPhase section */

/* Begin PBXNativeTarget section */
		60444EDC1E4B27C4005E4433 /* HAT */ = {
			isa = PBXNativeTarget;
			buildConfigurationList = 60444EF11E4B27C5005E4433 /* Build configuration list for PBXNativeTarget "HAT" */;
			buildPhases = (
				98B979C718B084FEAF2FC42D /* [CP] Check Pods Manifest.lock */,
				60444ED81E4B27C4005E4433 /* Sources */,
				60444ED91E4B27C4005E4433 /* Frameworks */,
				60444EDA1E4B27C4005E4433 /* Headers */,
				60444EDB1E4B27C4005E4433 /* Resources */,
				54E8888CF1957371297870C3 /* [CP] Copy Pods Resources */,
				604E45FD1EFACAF10071347E /* ShellScript */,
			);
			buildRules = (
			);
			dependencies = (
			);
			name = HAT;
			productName = HAT;
			productReference = 60444EDD1E4B27C4005E4433 /* HAT.framework */;
			productType = "com.apple.product-type.framework";
		};
		60444EE51E4B27C5005E4433 /* HATTests */ = {
			isa = PBXNativeTarget;
			buildConfigurationList = 60444EF41E4B27C5005E4433 /* Build configuration list for PBXNativeTarget "HATTests" */;
			buildPhases = (
				503EF065F8BC5E0DAB569384 /* [CP] Check Pods Manifest.lock */,
				60444EE21E4B27C5005E4433 /* Sources */,
				60444EE31E4B27C5005E4433 /* Frameworks */,
				60444EE41E4B27C5005E4433 /* Resources */,
				01241C9A8F2E45643A1C5833 /* [CP] Embed Pods Frameworks */,
				DB6AF063E9360F8795F60D57 /* [CP] Copy Pods Resources */,
			);
			buildRules = (
			);
			dependencies = (
				60444EE91E4B27C5005E4433 /* PBXTargetDependency */,
			);
			name = HATTests;
			productName = HATTests;
			productReference = 60444EE61E4B27C5005E4433 /* HATTests.xctest */;
			productType = "com.apple.product-type.bundle.unit-test";
		};
/* End PBXNativeTarget section */

/* Begin PBXProject section */
		60444ED41E4B27C4005E4433 /* Project object */ = {
			isa = PBXProject;
			attributes = {
				LastSwiftUpdateCheck = 0820;
				LastUpgradeCheck = 0820;
				ORGANIZATIONNAME = HATDeX;
				TargetAttributes = {
					60444EDC1E4B27C4005E4433 = {
						CreatedOnToolsVersion = 8.2.1;
						DevelopmentTeam = FG275HQ3SR;
						LastSwiftMigration = 0820;
						ProvisioningStyle = Automatic;
					};
					60444EE51E4B27C5005E4433 = {
						CreatedOnToolsVersion = 8.2.1;
						DevelopmentTeam = FG275HQ3SR;
						ProvisioningStyle = Automatic;
					};
				};
			};
			buildConfigurationList = 60444ED71E4B27C4005E4433 /* Build configuration list for PBXProject "HAT" */;
			compatibilityVersion = "Xcode 3.2";
			developmentRegion = English;
			hasScannedForEncodings = 0;
			knownRegions = (
				en,
			);
			mainGroup = 60444ED31E4B27C4005E4433;
			productRefGroup = 60444EDE1E4B27C4005E4433 /* Products */;
			projectDirPath = "";
			projectRoot = "";
			targets = (
				60444EDC1E4B27C4005E4433 /* HAT */,
				60444EE51E4B27C5005E4433 /* HATTests */,
			);
		};
/* End PBXProject section */

/* Begin PBXResourcesBuildPhase section */
		60444EDB1E4B27C4005E4433 /* Resources */ = {
			isa = PBXResourcesBuildPhase;
			buildActionMask = 2147483647;
			files = (
			);
			runOnlyForDeploymentPostprocessing = 0;
		};
		60444EE41E4B27C5005E4433 /* Resources */ = {
			isa = PBXResourcesBuildPhase;
			buildActionMask = 2147483647;
			files = (
			);
			runOnlyForDeploymentPostprocessing = 0;
		};
/* End PBXResourcesBuildPhase section */

/* Begin PBXShellScriptBuildPhase section */
		01241C9A8F2E45643A1C5833 /* [CP] Embed Pods Frameworks */ = {
			isa = PBXShellScriptBuildPhase;
			buildActionMask = 2147483647;
			files = (
			);
			inputPaths = (
			);
			name = "[CP] Embed Pods Frameworks";
			outputPaths = (
			);
			runOnlyForDeploymentPostprocessing = 0;
			shellPath = /bin/sh;
			shellScript = "\"${SRCROOT}/Pods/Target Support Files/Pods-HATTests/Pods-HATTests-frameworks.sh\"\n";
			showEnvVarsInLog = 0;
		};
		503EF065F8BC5E0DAB569384 /* [CP] Check Pods Manifest.lock */ = {
			isa = PBXShellScriptBuildPhase;
			buildActionMask = 2147483647;
			files = (
			);
			inputPaths = (
			);
			name = "[CP] Check Pods Manifest.lock";
			outputPaths = (
			);
			runOnlyForDeploymentPostprocessing = 0;
			shellPath = /bin/sh;
			shellScript = "diff \"${PODS_PODFILE_DIR_PATH}/Podfile.lock\" \"${PODS_ROOT}/Manifest.lock\" > /dev/null\nif [ $? != 0 ] ; then\n    # print error to STDERR\n    echo \"error: The sandbox is not in sync with the Podfile.lock. Run 'pod install' or update your CocoaPods installation.\" >&2\n    exit 1\nfi\n";
			showEnvVarsInLog = 0;
		};
		54E8888CF1957371297870C3 /* [CP] Copy Pods Resources */ = {
			isa = PBXShellScriptBuildPhase;
			buildActionMask = 2147483647;
			files = (
			);
			inputPaths = (
			);
			name = "[CP] Copy Pods Resources";
			outputPaths = (
			);
			runOnlyForDeploymentPostprocessing = 0;
			shellPath = /bin/sh;
			shellScript = "\"${SRCROOT}/Pods/Target Support Files/Pods-HAT/Pods-HAT-resources.sh\"\n";
			showEnvVarsInLog = 0;
		};
		604E45FD1EFACAF10071347E /* ShellScript */ = {
			isa = PBXShellScriptBuildPhase;
			buildActionMask = 2147483647;
			files = (
			);
			inputPaths = (
			);
			outputPaths = (
			);
			runOnlyForDeploymentPostprocessing = 0;
			shellPath = /bin/sh;
			shellScript = "\"${PODS_ROOT}/SwiftLint/swiftlint\"";
		};
		98B979C718B084FEAF2FC42D /* [CP] Check Pods Manifest.lock */ = {
			isa = PBXShellScriptBuildPhase;
			buildActionMask = 2147483647;
			files = (
			);
			inputPaths = (
			);
			name = "[CP] Check Pods Manifest.lock";
			outputPaths = (
			);
			runOnlyForDeploymentPostprocessing = 0;
			shellPath = /bin/sh;
			shellScript = "diff \"${PODS_PODFILE_DIR_PATH}/Podfile.lock\" \"${PODS_ROOT}/Manifest.lock\" > /dev/null\nif [ $? != 0 ] ; then\n    # print error to STDERR\n    echo \"error: The sandbox is not in sync with the Podfile.lock. Run 'pod install' or update your CocoaPods installation.\" >&2\n    exit 1\nfi\n";
			showEnvVarsInLog = 0;
		};
		DB6AF063E9360F8795F60D57 /* [CP] Copy Pods Resources */ = {
			isa = PBXShellScriptBuildPhase;
			buildActionMask = 2147483647;
			files = (
			);
			inputPaths = (
			);
			name = "[CP] Copy Pods Resources";
			outputPaths = (
			);
			runOnlyForDeploymentPostprocessing = 0;
			shellPath = /bin/sh;
			shellScript = "\"${SRCROOT}/Pods/Target Support Files/Pods-HATTests/Pods-HATTests-resources.sh\"\n";
			showEnvVarsInLog = 0;
		};
/* End PBXShellScriptBuildPhase section */

/* Begin PBXSourcesBuildPhase section */
		60444ED81E4B27C4005E4433 /* Sources */ = {
			isa = PBXSourcesBuildPhase;
			buildActionMask = 2147483647;
			files = (
				604EAC0F1EB886EE0084EEC8 /* HATTokenHelper.swift in Sources */,
				602D16E51E82B20000C53A5E /* HATDataPlugDataDefinitionObject.swift in Sources */,
				602D17101E82B23000C53A5E /* HATSystemStatusKindObject.swift in Sources */,
				602D16FB1E82B21300C53A5E /* HATProviderKindObject.swift in Sources */,
				602D17181E82B23900C53A5E /* HATTwitterDataTweetsUsersSocialFeedObject.swift in Sources */,
				602D16FA1E82B21300C53A5E /* HATProviderCategoryObject.swift in Sources */,
				602D16D61E82B1D700C53A5E /* HATService.swift in Sources */,
				602D16DF1E82B1F600C53A5E /* HATSocialFeedObject.swift in Sources */,
				602D16D21E82B1D700C53A5E /* HATFacebookService.swift in Sources */,
				602D16F31E82B20900C53A5E /* HATFacebookDataPostsSocialFeedObject.swift in Sources */,
				602D16DC1E82B1E700C53A5E /* HATErrorHelper.swift in Sources */,
				60CDCBCC1EAA63F500035882 /* HATProfileDataProfileHomePhoneObject.swift in Sources */,
				602D16DB1E82B1E700C53A5E /* HATNetworkHelper.swift in Sources */,
				602D16E91E82B20000C53A5E /* HATDataPlugRatingObject.swift in Sources */,
				602D16D71E82B1D700C53A5E /* HATTwitterService.swift in Sources */,
				60CDCBDC1EAA648700035882 /* HATProfileDataProfileEmergencyContactObject.swift in Sources */,
				60CDCBD61EAA644900035882 /* HATProfileDataProfileBlogObject.swift in Sources */,
				60CDCBC01EAA637300035882 /* HATProfileDataProfileNickObject.swift in Sources */,
				6050BF011ED59BB300984EEF /* HATProfileEducationObject.swift in Sources */,
				60BA45E91E8A7C5700ABB758 /* FileUploadObjectPermissions.swift in Sources */,
				602D16E71E82B20000C53A5E /* HATDataPlugObject.swift in Sources */,
				602D17111E82B23000C53A5E /* HATSystemStatusObject.swift in Sources */,
				6041474F1EE1AF64008C9293 /* HATFacebookProfileImageObject.swift in Sources */,
				602D17191E82B23900C53A5E /* HATTwitterSocialFeedObject.swift in Sources */,
				602D16DD1E82B1E700C53A5E /* HATFormatterHelper.swift in Sources */,
				602D16F41E82B20900C53A5E /* HATFacebookDataSocialFeedObject.swift in Sources */,
				60CDCBC21EAA638E00035882 /* HATProfileDataProfilePrimaryEmailObject.swift in Sources */,
				60CDCBD81EAA645500035882 /* HATProfileDataProfileFacebookObject.swift in Sources */,
				602D16E81E82B20000C53A5E /* HATDataPlugOwnerObject.swift in Sources */,
				602D17171E82B23900C53A5E /* HATTwitterDataTweetsSocialFeedObject.swift in Sources */,
				60E41DD41E853C1D00E3DF60 /* HATJSONHelper.swift in Sources */,
				6050BF031ED59BD400984EEF /* HATProfileRelationshipAndHouseholdObject.swift in Sources */,
				602D17161E82B23900C53A5E /* HATTwitterDataSocialFeedObject.swift in Sources */,
				602D17011E82B21E00C53A5E /* HATLocationsDataLocationsObject.swift in Sources */,
				60CDCBC81EAA63D000035882 /* HATProfileDataProfileLinkedInObject.swift in Sources */,
				602E4DA61F0111F400C5FF31 /* DataOfferObject.swift in Sources */,
				602D170A1E82B22700C53A5E /* HATNotesData.swift in Sources */,
				602D16D51E82B1D700C53A5E /* HATNotableService.swift in Sources */,
				60BA45E81E8A7C5700ABB758 /* FileUploadObject.swift in Sources */,
				60CDCBE61EAA656400035882 /* HATProfileDataProfileAboutObject.swift in Sources */,
				60BA45EA1E8A7C5700ABB758 /* FileUploadObjectStatus.swift in Sources */,
				602E4DAC1F0111F400C5FF31 /* DataOfferRequiredDataDefinitionObject.swift in Sources */,
				602D16F01E82B20900C53A5E /* HATFacebookDataPostsApplicationSocialFeedObject.swift in Sources */,
				602D17021E82B21E00C53A5E /* HATLocationsDataObject.swift in Sources */,
				60CDCBE01EAA64B700035882 /* HATProfileDataProfileFacebookProfilePhotoObject.swift in Sources */,
				602D17091E82B22700C53A5E /* HATNotesAuthorData.swift in Sources */,
				6098205A1ED452150036D1B3 /* HATProfileService.swift in Sources */,
				602D16F21E82B20900C53A5E /* HATFacebookDataPostsPrivacySocialFeedObject.swift in Sources */,
				602E4DA81F0111F400C5FF31 /* DataOfferRequiredDataDefinitionDataSetsFieldsObject.swift in Sources */,
				60CDCBC61EAA63BE00035882 /* HATProfileDataProfileAddressGlobalObject.swift in Sources */,
				602D16D31E82B1D700C53A5E /* HATLocationService.swift in Sources */,
				602E4D9B1F01118500C5FF31 /* HATDataOffersService.swift in Sources */,
				602D16D01E82B1D700C53A5E /* HATAccountService.swift in Sources */,
				602E4DAE1F0111F400C5FF31 /* DataOfferRewardsObject.swift in Sources */,
				602D16FC1E82B21300C53A5E /* HATProviderObject.swift in Sources */,
				60CDCBDE1EAA649C00035882 /* HATProfileDataProfileAlternativeEmailObject.swift in Sources */,
				60CDCBD01EAA641800035882 /* HATProfileDataProfileAgeObject.swift in Sources */,
				602D16F11E82B20900C53A5E /* HATFacebookDataPostsFromSocialFeedObject.swift in Sources */,
				60CDCBCE1EAA640600035882 /* HATProfileDataProfileGoogleObject.swift in Sources */,
				602E4DB11F01187D00C5FF31 /* DataOfferClaimObject.swift in Sources */,
				602D17031E82B21E00C53A5E /* HATLocationsObject.swift in Sources */,
				602CB44C1E8BFC6900903F33 /* HATFileService.swift in Sources */,
				60CDCBB81EAA620100035882 /* HATProfileObject.swift in Sources */,
				602E4DAA1F0111F400C5FF31 /* DataOfferRequiredDataDefinitionDataSetsObject.swift in Sources */,
				60CDCBBE1EAA635700035882 /* HATProfileDataProfileWebsiteObject.swift in Sources */,
				602D16D11E82B1D700C53A5E /* HATDataPlugsService.swift in Sources */,
				60CDCBDA1EAA647500035882 /* HATProfileDataProfileAddressDetailObject.swift in Sources */,
				606B55A11F1E6ADB004B5D4D /* DataOfferRewardsCashValueObject.swift in Sources */,
				60CDCBCA1EAA63E200035882 /* HATProfileDataProfileBirthObject.swift in Sources */,
				602D170C1E82B22700C53A5E /* HATNotesNotablesData.swift in Sources */,
				6098205D1ED4694F0036D1B3 /* HATNationalityObject.swift in Sources */,
				60CDCBC41EAA63A100035882 /* HATProfileDataProfileYoutubeObject.swift in Sources */,
				60CDCBE21EAA654A00035882 /* HATProfileDataProfileTwitterObject.swift in Sources */,
				602D16E61E82B20000C53A5E /* HATDataPlugDataSetObject.swift in Sources */,
				602D170D1E82B22700C53A5E /* HATNotesPhotoData.swift in Sources */,
				60CDCBBC1EAA62D200035882 /* HATProfileDataProfileObject.swift in Sources */,
				602D16C71E82B1CA00C53A5E /* HATConstants.swift in Sources */,
				602D16FD1E82B21300C53A5E /* HATProviderPaymentObject.swift in Sources */,
				60CDCBE41EAA655900035882 /* HATProfileDataProfileMobileObject.swift in Sources */,
				602D16F51E82B20900C53A5E /* HATFacebookSocialFeedObject.swift in Sources */,
				60CDCBE81EAA657100035882 /* HATProfileDataProfileGenderObject.swift in Sources */,
				609820581ED451400036D1B3 /* HATPhataService.swift in Sources */,
				60CDCBD21EAA642800035882 /* HATProfileDataProfilePersonalObject.swift in Sources */,
				602D16D41E82B1D700C53A5E /* HATLoginService.swift in Sources */,
				602D170B1E82B22700C53A5E /* HATNotesLocationData.swift in Sources */,
				602E4DA41F0111F400C5FF31 /* DataOfferOwnerObject.swift in Sources */,
			);
			runOnlyForDeploymentPostprocessing = 0;
		};
		60444EE21E4B27C5005E4433 /* Sources */ = {
			isa = PBXSourcesBuildPhase;
			buildActionMask = 2147483647;
			files = (
				6020A7031E526BBF00D7DC04 /* LocationServiceTests.swift in Sources */,
				60DDBB241E82F544007CDAFB /* HATProviderCategoryObject.swift in Sources */,
				606375A91E53613D00F0D1B1 /* FacebookServiceTests.swift in Sources */,
				6050BF041ED5B2DD00984EEF /* HATProfileEducationObject.swift in Sources */,
				606375AD1E536DA300F0D1B1 /* NotableServiceTests.swift in Sources */,
				60CDCBFD1EAB6E0700035882 /* HATProfileDataProfileAgeObject.swift in Sources */,
				60DDBB131E82F52D007CDAFB /* HATNetworkHelper.swift in Sources */,
				60DDBB2F1E82F54C007CDAFB /* HATDataPlugDataSetObject.swift in Sources */,
				60DDBB251E82F544007CDAFB /* HATProviderKindObject.swift in Sources */,
				60DDBB2C1E82F548007CDAFB /* HATFacebookDataSocialFeedObject.swift in Sources */,
				60CDCBF21EAB6E0700035882 /* HATProfileObject.swift in Sources */,
				60DDBB191E82F530007CDAFB /* HATTwitterSocialFeedObject.swift in Sources */,
				60DDBB1D1E82F539007CDAFB /* HATNotesData.swift in Sources */,
				60DDBB141E82F52D007CDAFB /* HATErrorHelper.swift in Sources */,
				60DDBB161E82F530007CDAFB /* HATTwitterDataSocialFeedObject.swift in Sources */,
				60CDCC001EAB6E0700035882 /* HATProfileDataProfileFacebookObject.swift in Sources */,
				60DDBB221E82F53F007CDAFB /* HATLocationsDataObject.swift in Sources */,
				60DDBB0B1E82F523007CDAFB /* HATConstants.swift in Sources */,
				606375A71E534C2400F0D1B1 /* Structures.swift in Sources */,
				60DDBB331E82F54F007CDAFB /* HATSocialFeedObject.swift in Sources */,
				606375AB1E536B1500F0D1B1 /* TwitterServiceTests.swift in Sources */,
				60DDBB1A1E82F532007CDAFB /* HATSystemStatusKindObject.swift in Sources */,
				60DDBB301E82F54C007CDAFB /* HATDataPlugObject.swift in Sources */,
				60DDBB171E82F530007CDAFB /* HATTwitterDataTweetsSocialFeedObject.swift in Sources */,
				60DDBB1F1E82F539007CDAFB /* HATNotesNotablesData.swift in Sources */,
				60CDCC011EAB6E0700035882 /* HATProfileDataProfileAddressDetailObject.swift in Sources */,
				60DDBB311E82F54C007CDAFB /* HATDataPlugOwnerObject.swift in Sources */,
				602CB4511E8C02D600903F33 /* HATFileService.swift in Sources */,
				602E4DA71F0111F400C5FF31 /* DataOfferObject.swift in Sources */,
				60CDCC031EAB6E0700035882 /* HATProfileDataProfileAlternativeEmailObject.swift in Sources */,
				60CDCBFE1EAB6E0700035882 /* HATProfileDataProfilePersonalObject.swift in Sources */,
				6050BF061ED5B2E200984EEF /* HATProfileRelationshipAndHouseholdObject.swift in Sources */,
				602CB44E1E8C00F900903F33 /* FileUploadObjectPermissions.swift in Sources */,
				60DDBB231E82F53F007CDAFB /* HATLocationsObject.swift in Sources */,
				6050BF071ED5B2E500984EEF /* HATProfileService.swift in Sources */,
				60DDBB2D1E82F548007CDAFB /* HATFacebookSocialFeedObject.swift in Sources */,
				60CDCBF61EAB6E0700035882 /* HATProfileDataProfilePrimaryEmailObject.swift in Sources */,
				60CDCBF91EAB6E0700035882 /* HATProfileDataProfileLinkedInObject.swift in Sources */,
				60DDBB2E1E82F54C007CDAFB /* HATDataPlugDataDefinitionObject.swift in Sources */,
				60CDCC071EAB6E0700035882 /* HATProfileDataProfileAboutObject.swift in Sources */,
				60DDBB281E82F548007CDAFB /* HATFacebookDataPostsApplicationSocialFeedObject.swift in Sources */,
				60CDCC041EAB6E0700035882 /* HATProfileDataProfileFacebookProfilePhotoObject.swift in Sources */,
				60CDCC081EAB6E0700035882 /* HATProfileDataProfileGenderObject.swift in Sources */,
				60DDBB151E82F52D007CDAFB /* HATFormatterHelper.swift in Sources */,
				60CDCC021EAB6E0700035882 /* HATProfileDataProfileEmergencyContactObject.swift in Sources */,
				6020A7081E52803800D7DC04 /* HATAccountServiceTests.swift in Sources */,
				602E4DB21F01187D00C5FF31 /* DataOfferClaimObject.swift in Sources */,
				60DDBB111E82F528007CDAFB /* HATService.swift in Sources */,
				60DDBB0E1E82F528007CDAFB /* HATFacebookService.swift in Sources */,
				60DDBB271E82F544007CDAFB /* HATProviderPaymentObject.swift in Sources */,
				602E4DAD1F0111F400C5FF31 /* DataOfferRequiredDataDefinitionObject.swift in Sources */,
				600995C81EBCC7DC007F9330 /* HATTokenHelper.swift in Sources */,
				60DDBB2A1E82F548007CDAFB /* HATFacebookDataPostsPrivacySocialFeedObject.swift in Sources */,
				60DDBB211E82F53F007CDAFB /* HATLocationsDataLocationsObject.swift in Sources */,
				6020A7061E52749700D7DC04 /* HATServiceTests.swift in Sources */,
				6050BF051ED5B2E000984EEF /* HATNationalityObject.swift in Sources */,
				60C463991EE6EA9E00FEC458 /* HATFacebookProfileImageObject.swift in Sources */,
				60DDBB0C1E82F528007CDAFB /* HATAccountService.swift in Sources */,
				60DDBB0F1E82F528007CDAFB /* HATLocationService.swift in Sources */,
				60CDCBFA1EAB6E0700035882 /* HATProfileDataProfileBirthObject.swift in Sources */,
				60CDCBFB1EAB6E0700035882 /* HATProfileDataProfileHomePhoneObject.swift in Sources */,
				60CDCC091EAB6E0700035882 /* HATProfileDataProfileNickObject.swift in Sources */,
				602CB4501E8C02B500903F33 /* HATJSONHelper.swift in Sources */,
				60DDBB2B1E82F548007CDAFB /* HATFacebookDataPostsSocialFeedObject.swift in Sources */,
				602CB44F1E8C00F900903F33 /* FileUploadObjectStatus.swift in Sources */,
				60CDCBFC1EAB6E0700035882 /* HATProfileDataProfileGoogleObject.swift in Sources */,
				60DDBB1E1E82F539007CDAFB /* HATNotesLocationData.swift in Sources */,
				602E4DAB1F0111F400C5FF31 /* DataOfferRequiredDataDefinitionDataSetsObject.swift in Sources */,
				60CDCBF41EAB6E0700035882 /* HATProfileDataProfileObject.swift in Sources */,
				60DDBB0D1E82F528007CDAFB /* HATDataPlugsService.swift in Sources */,
				60444EEC1E4B27C5005E4433 /* LoginServiceTests.swift in Sources */,
				60CDCBF81EAB6E0700035882 /* HATProfileDataProfileAddressGlobalObject.swift in Sources */,
				602E4DA51F0111F400C5FF31 /* DataOfferOwnerObject.swift in Sources */,
				60DDBB291E82F548007CDAFB /* HATFacebookDataPostsFromSocialFeedObject.swift in Sources */,
				60DDBB201E82F539007CDAFB /* HATNotesPhotoData.swift in Sources */,
				60CDCC051EAB6E0700035882 /* HATProfileDataProfileTwitterObject.swift in Sources */,
				60CDCBFF1EAB6E0700035882 /* HATProfileDataProfileBlogObject.swift in Sources */,
				60DDBB121E82F528007CDAFB /* HATTwitterService.swift in Sources */,
				602CB44D1E8C00F900903F33 /* FileUploadObject.swift in Sources */,
				60DDBB181E82F530007CDAFB /* HATTwitterDataTweetsUsersSocialFeedObject.swift in Sources */,
				60DDBB1B1E82F532007CDAFB /* HATSystemStatusObject.swift in Sources */,
				60DDBB1C1E82F539007CDAFB /* HATNotesAuthorData.swift in Sources */,
				60DDBB321E82F54C007CDAFB /* HATDataPlugRatingObject.swift in Sources */,
				60CDCC061EAB6E0700035882 /* HATProfileDataProfileMobileObject.swift in Sources */,
				60DDBB261E82F544007CDAFB /* HATProviderObject.swift in Sources */,
				60CDCBF51EAB6E0700035882 /* HATProfileDataProfileWebsiteObject.swift in Sources */,
				606B55A21F1E6B37004B5D4D /* DataOfferRewardsCashValueObject.swift in Sources */,
				602E4DA91F0111F400C5FF31 /* DataOfferRequiredDataDefinitionDataSetsFieldsObject.swift in Sources */,
				602E4DAF1F0111F400C5FF31 /* DataOfferRewardsObject.swift in Sources */,
				606375AF1E537C7300F0D1B1 /* FormatterHelperTests.swift in Sources */,
				60DDBB101E82F528007CDAFB /* HATNotableService.swift in Sources */,
				606BBA3B1E546DF000ECBA6B /* DataPlugsServiceTests.swift in Sources */,
				60DDBB0A1E82F513007CDAFB /* HATLoginService.swift in Sources */,
				6050BF081ED5B2E700984EEF /* HATPhataService.swift in Sources */,
				60CDCBF71EAB6E0700035882 /* HATProfileDataProfileYoutubeObject.swift in Sources */,
			);
			runOnlyForDeploymentPostprocessing = 0;
		};
/* End PBXSourcesBuildPhase section */

/* Begin PBXTargetDependency section */
		60444EE91E4B27C5005E4433 /* PBXTargetDependency */ = {
			isa = PBXTargetDependency;
			target = 60444EDC1E4B27C4005E4433 /* HAT */;
			targetProxy = 60444EE81E4B27C5005E4433 /* PBXContainerItemProxy */;
		};
/* End PBXTargetDependency section */

/* Begin XCBuildConfiguration section */
		60444EEF1E4B27C5005E4433 /* Debug */ = {
			isa = XCBuildConfiguration;
			buildSettings = {
				ALWAYS_SEARCH_USER_PATHS = NO;
				CLANG_ANALYZER_NONNULL = YES;
				CLANG_CXX_LANGUAGE_STANDARD = "gnu++0x";
				CLANG_CXX_LIBRARY = "libc++";
				CLANG_ENABLE_MODULES = YES;
				CLANG_ENABLE_OBJC_ARC = YES;
				CLANG_WARN_BOOL_CONVERSION = YES;
				CLANG_WARN_CONSTANT_CONVERSION = YES;
				CLANG_WARN_DIRECT_OBJC_ISA_USAGE = YES_ERROR;
				CLANG_WARN_DOCUMENTATION_COMMENTS = YES;
				CLANG_WARN_EMPTY_BODY = YES;
				CLANG_WARN_ENUM_CONVERSION = YES;
				CLANG_WARN_INFINITE_RECURSION = YES;
				CLANG_WARN_INT_CONVERSION = YES;
				CLANG_WARN_OBJC_ROOT_CLASS = YES_ERROR;
				CLANG_WARN_SUSPICIOUS_MOVE = YES;
				CLANG_WARN_UNREACHABLE_CODE = YES;
				CLANG_WARN__DUPLICATE_METHOD_MATCH = YES;
				"CODE_SIGN_IDENTITY[sdk=iphoneos*]" = "iPhone Developer";
				COPY_PHASE_STRIP = NO;
				CURRENT_PROJECT_VERSION = 1;
				DEBUG_INFORMATION_FORMAT = dwarf;
				ENABLE_STRICT_OBJC_MSGSEND = YES;
				ENABLE_TESTABILITY = YES;
				GCC_C_LANGUAGE_STANDARD = gnu99;
				GCC_DYNAMIC_NO_PIC = NO;
				GCC_NO_COMMON_BLOCKS = YES;
				GCC_OPTIMIZATION_LEVEL = 0;
				GCC_PREPROCESSOR_DEFINITIONS = (
					"DEBUG=1",
					"$(inherited)",
				);
				GCC_WARN_64_TO_32_BIT_CONVERSION = YES;
				GCC_WARN_ABOUT_RETURN_TYPE = YES_ERROR;
				GCC_WARN_UNDECLARED_SELECTOR = YES;
				GCC_WARN_UNINITIALIZED_AUTOS = YES_AGGRESSIVE;
				GCC_WARN_UNUSED_FUNCTION = YES;
				GCC_WARN_UNUSED_VARIABLE = YES;
				IPHONEOS_DEPLOYMENT_TARGET = 9.0;
				MTL_ENABLE_DEBUG_INFO = YES;
				ONLY_ACTIVE_ARCH = YES;
				SDKROOT = iphoneos;
				SWIFT_ACTIVE_COMPILATION_CONDITIONS = DEBUG;
				SWIFT_OPTIMIZATION_LEVEL = "-Onone";
				TARGETED_DEVICE_FAMILY = "1,2";
				VERSIONING_SYSTEM = "apple-generic";
				VERSION_INFO_PREFIX = "";
			};
			name = Debug;
		};
		60444EF01E4B27C5005E4433 /* Release */ = {
			isa = XCBuildConfiguration;
			buildSettings = {
				ALWAYS_SEARCH_USER_PATHS = NO;
				CLANG_ANALYZER_NONNULL = YES;
				CLANG_CXX_LANGUAGE_STANDARD = "gnu++0x";
				CLANG_CXX_LIBRARY = "libc++";
				CLANG_ENABLE_MODULES = YES;
				CLANG_ENABLE_OBJC_ARC = YES;
				CLANG_WARN_BOOL_CONVERSION = YES;
				CLANG_WARN_CONSTANT_CONVERSION = YES;
				CLANG_WARN_DIRECT_OBJC_ISA_USAGE = YES_ERROR;
				CLANG_WARN_DOCUMENTATION_COMMENTS = YES;
				CLANG_WARN_EMPTY_BODY = YES;
				CLANG_WARN_ENUM_CONVERSION = YES;
				CLANG_WARN_INFINITE_RECURSION = YES;
				CLANG_WARN_INT_CONVERSION = YES;
				CLANG_WARN_OBJC_ROOT_CLASS = YES_ERROR;
				CLANG_WARN_SUSPICIOUS_MOVE = YES;
				CLANG_WARN_UNREACHABLE_CODE = YES;
				CLANG_WARN__DUPLICATE_METHOD_MATCH = YES;
				"CODE_SIGN_IDENTITY[sdk=iphoneos*]" = "iPhone Developer";
				COPY_PHASE_STRIP = NO;
				CURRENT_PROJECT_VERSION = 1;
				DEBUG_INFORMATION_FORMAT = "dwarf-with-dsym";
				ENABLE_NS_ASSERTIONS = NO;
				ENABLE_STRICT_OBJC_MSGSEND = YES;
				GCC_C_LANGUAGE_STANDARD = gnu99;
				GCC_NO_COMMON_BLOCKS = YES;
				GCC_WARN_64_TO_32_BIT_CONVERSION = YES;
				GCC_WARN_ABOUT_RETURN_TYPE = YES_ERROR;
				GCC_WARN_UNDECLARED_SELECTOR = YES;
				GCC_WARN_UNINITIALIZED_AUTOS = YES_AGGRESSIVE;
				GCC_WARN_UNUSED_FUNCTION = YES;
				GCC_WARN_UNUSED_VARIABLE = YES;
				IPHONEOS_DEPLOYMENT_TARGET = 9.0;
				MTL_ENABLE_DEBUG_INFO = NO;
				SDKROOT = iphoneos;
				SWIFT_OPTIMIZATION_LEVEL = "-Owholemodule";
				TARGETED_DEVICE_FAMILY = "1,2";
				VALIDATE_PRODUCT = YES;
				VERSIONING_SYSTEM = "apple-generic";
				VERSION_INFO_PREFIX = "";
			};
			name = Release;
		};
		60444EF21E4B27C5005E4433 /* Debug */ = {
			isa = XCBuildConfiguration;
			baseConfigurationReference = EA7AEE7D6190163453BCF60C /* Pods-HAT.debug.xcconfig */;
			buildSettings = {
				ALWAYS_EMBED_SWIFT_STANDARD_LIBRARIES = "$(inherited)";
				CLANG_ENABLE_MODULES = YES;
				CODE_SIGN_IDENTITY = "";
				DEFINES_MODULE = YES;
				DEVELOPMENT_TEAM = FG275HQ3SR;
				DYLIB_COMPATIBILITY_VERSION = 1;
				DYLIB_CURRENT_VERSION = 1;
				DYLIB_INSTALL_NAME_BASE = "@rpath";
				INFOPLIST_FILE = HAT/Info.plist;
				INSTALL_PATH = "$(LOCAL_LIBRARY_DIR)/Frameworks";
				IPHONEOS_DEPLOYMENT_TARGET = 9.0;
				LD_RUNPATH_SEARCH_PATHS = "$(inherited) @executable_path/Frameworks @loader_path/Frameworks";
				PRODUCT_BUNDLE_IDENTIFIER = com.hatdex.HAT;
				PRODUCT_NAME = "$(TARGET_NAME)";
				SKIP_INSTALL = YES;
				SWIFT_OPTIMIZATION_LEVEL = "-Onone";
				SWIFT_VERSION = 3.0;
			};
			name = Debug;
		};
		60444EF31E4B27C5005E4433 /* Release */ = {
			isa = XCBuildConfiguration;
			baseConfigurationReference = 0F217E04F6A43CBD1160A765 /* Pods-HAT.release.xcconfig */;
			buildSettings = {
				ALWAYS_EMBED_SWIFT_STANDARD_LIBRARIES = "$(inherited)";
				CLANG_ENABLE_MODULES = YES;
				CODE_SIGN_IDENTITY = "";
				DEFINES_MODULE = YES;
				DEVELOPMENT_TEAM = FG275HQ3SR;
				DYLIB_COMPATIBILITY_VERSION = 1;
				DYLIB_CURRENT_VERSION = 1;
				DYLIB_INSTALL_NAME_BASE = "@rpath";
				INFOPLIST_FILE = HAT/Info.plist;
				INSTALL_PATH = "$(LOCAL_LIBRARY_DIR)/Frameworks";
				IPHONEOS_DEPLOYMENT_TARGET = 9.0;
				LD_RUNPATH_SEARCH_PATHS = "$(inherited) @executable_path/Frameworks @loader_path/Frameworks";
				PRODUCT_BUNDLE_IDENTIFIER = com.hatdex.HAT;
				PRODUCT_NAME = "$(TARGET_NAME)";
				SKIP_INSTALL = YES;
				SWIFT_VERSION = 3.0;
			};
			name = Release;
		};
		60444EF51E4B27C5005E4433 /* Debug */ = {
			isa = XCBuildConfiguration;
			baseConfigurationReference = 2E6B981390ACA28160998321 /* Pods-HATTests.debug.xcconfig */;
			buildSettings = {
				ALWAYS_EMBED_SWIFT_STANDARD_LIBRARIES = "$(inherited)";
				DEVELOPMENT_TEAM = FG275HQ3SR;
				INFOPLIST_FILE = HATTests/Info.plist;
				LD_RUNPATH_SEARCH_PATHS = "$(inherited) @executable_path/Frameworks @loader_path/Frameworks";
				PRODUCT_BUNDLE_IDENTIFIER = com.hatdex.HATTests;
				PRODUCT_NAME = "$(TARGET_NAME)";
				SWIFT_VERSION = 3.0;
			};
			name = Debug;
		};
		60444EF61E4B27C5005E4433 /* Release */ = {
			isa = XCBuildConfiguration;
			baseConfigurationReference = 2E35995A09FA50E6E5A67F12 /* Pods-HATTests.release.xcconfig */;
			buildSettings = {
				ALWAYS_EMBED_SWIFT_STANDARD_LIBRARIES = "$(inherited)";
				DEVELOPMENT_TEAM = FG275HQ3SR;
				INFOPLIST_FILE = HATTests/Info.plist;
				LD_RUNPATH_SEARCH_PATHS = "$(inherited) @executable_path/Frameworks @loader_path/Frameworks";
				PRODUCT_BUNDLE_IDENTIFIER = com.hatdex.HATTests;
				PRODUCT_NAME = "$(TARGET_NAME)";
				SWIFT_VERSION = 3.0;
			};
			name = Release;
		};
/* End XCBuildConfiguration section */

/* Begin XCConfigurationList section */
		60444ED71E4B27C4005E4433 /* Build configuration list for PBXProject "HAT" */ = {
			isa = XCConfigurationList;
			buildConfigurations = (
				60444EEF1E4B27C5005E4433 /* Debug */,
				60444EF01E4B27C5005E4433 /* Release */,
			);
			defaultConfigurationIsVisible = 0;
			defaultConfigurationName = Release;
		};
		60444EF11E4B27C5005E4433 /* Build configuration list for PBXNativeTarget "HAT" */ = {
			isa = XCConfigurationList;
			buildConfigurations = (
				60444EF21E4B27C5005E4433 /* Debug */,
				60444EF31E4B27C5005E4433 /* Release */,
			);
			defaultConfigurationIsVisible = 0;
			defaultConfigurationName = Release;
		};
		60444EF41E4B27C5005E4433 /* Build configuration list for PBXNativeTarget "HATTests" */ = {
			isa = XCConfigurationList;
			buildConfigurations = (
				60444EF51E4B27C5005E4433 /* Debug */,
				60444EF61E4B27C5005E4433 /* Release */,
			);
			defaultConfigurationIsVisible = 0;
			defaultConfigurationName = Release;
		};
/* End XCConfigurationList section */
	};
	rootObject = 60444ED41E4B27C4005E4433 /* Project object */;
}
